// !$*UTF8*$!
{
	archiveVersion = 1;
	classes = {
	};
	objectVersion = 50;
	objects = {

/* Begin PBXBuildFile section */
		A6226FA74EC566532DC00574 /* Pods_iMovieTests.framework in Frameworks */ = {isa = PBXBuildFile; fileRef = 6637B9A65C78DDB9428216DE /* Pods_iMovieTests.framework */; };
		B6FBB72826D2184F008FA327 /* AppDelegate.swift in Sources */ = {isa = PBXBuildFile; fileRef = B6FBB72726D2184F008FA327 /* AppDelegate.swift */; };
		B6FBB72A26D2184F008FA327 /* SceneDelegate.swift in Sources */ = {isa = PBXBuildFile; fileRef = B6FBB72926D2184F008FA327 /* SceneDelegate.swift */; };
		B6FBB72C26D2184F008FA327 /* ViewController.swift in Sources */ = {isa = PBXBuildFile; fileRef = B6FBB72B26D2184F008FA327 /* ViewController.swift */; };
		B6FBB72F26D2184F008FA327 /* Main.storyboard in Resources */ = {isa = PBXBuildFile; fileRef = B6FBB72D26D2184F008FA327 /* Main.storyboard */; };
		B6FBB73126D21850008FA327 /* Assets.xcassets in Resources */ = {isa = PBXBuildFile; fileRef = B6FBB73026D21850008FA327 /* Assets.xcassets */; };
		B6FBB73426D21850008FA327 /* LaunchScreen.storyboard in Resources */ = {isa = PBXBuildFile; fileRef = B6FBB73226D21850008FA327 /* LaunchScreen.storyboard */; };
		B6FBB73F26D21850008FA327 /* iMovieTests.swift in Sources */ = {isa = PBXBuildFile; fileRef = B6FBB73E26D21850008FA327 /* iMovieTests.swift */; };
		B6FBB74A26D21851008FA327 /* iMovieUITests.swift in Sources */ = {isa = PBXBuildFile; fileRef = B6FBB74926D21851008FA327 /* iMovieUITests.swift */; };
		CADF4733A5372EF98FAA240C /* Pods_iMovie_iMovieUITests.framework in Frameworks */ = {isa = PBXBuildFile; fileRef = 8DF7F4E865ABE6FAE8C0C6A5 /* Pods_iMovie_iMovieUITests.framework */; };
		F1A6BCD1259CECB431303D9E /* Pods_iMovie.framework in Frameworks */ = {isa = PBXBuildFile; fileRef = C5E93C724B8482B3DA633FDF /* Pods_iMovie.framework */; };
/* End PBXBuildFile section */

/* Begin PBXContainerItemProxy section */
		B6FBB73B26D21850008FA327 /* PBXContainerItemProxy */ = {
			isa = PBXContainerItemProxy;
			containerPortal = B6FBB71C26D2184F008FA327 /* Project object */;
			proxyType = 1;
			remoteGlobalIDString = B6FBB72326D2184F008FA327;
			remoteInfo = iMovie;
		};
		B6FBB74626D21851008FA327 /* PBXContainerItemProxy */ = {
			isa = PBXContainerItemProxy;
			containerPortal = B6FBB71C26D2184F008FA327 /* Project object */;
			proxyType = 1;
			remoteGlobalIDString = B6FBB72326D2184F008FA327;
			remoteInfo = iMovie;
		};
/* End PBXContainerItemProxy section */

/* Begin PBXFileReference section */
		14049270C558A94D88DEB02B /* Pods-iMovieTests.debug.xcconfig */ = {isa = PBXFileReference; includeInIndex = 1; lastKnownFileType = text.xcconfig; name = "Pods-iMovieTests.debug.xcconfig"; path = "Target Support Files/Pods-iMovieTests/Pods-iMovieTests.debug.xcconfig"; sourceTree = "<group>"; };
		426FB4CAB6ADC980CE5A7552 /* Pods-iMovie-iMovieUITests.release.xcconfig */ = {isa = PBXFileReference; includeInIndex = 1; lastKnownFileType = text.xcconfig; name = "Pods-iMovie-iMovieUITests.release.xcconfig"; path = "Target Support Files/Pods-iMovie-iMovieUITests/Pods-iMovie-iMovieUITests.release.xcconfig"; sourceTree = "<group>"; };
		6637B9A65C78DDB9428216DE /* Pods_iMovieTests.framework */ = {isa = PBXFileReference; explicitFileType = wrapper.framework; includeInIndex = 0; path = Pods_iMovieTests.framework; sourceTree = BUILT_PRODUCTS_DIR; };
		8DF7F4E865ABE6FAE8C0C6A5 /* Pods_iMovie_iMovieUITests.framework */ = {isa = PBXFileReference; explicitFileType = wrapper.framework; includeInIndex = 0; path = Pods_iMovie_iMovieUITests.framework; sourceTree = BUILT_PRODUCTS_DIR; };
		B6FBB72426D2184F008FA327 /* iMovie.app */ = {isa = PBXFileReference; explicitFileType = wrapper.application; includeInIndex = 0; path = iMovie.app; sourceTree = BUILT_PRODUCTS_DIR; };
		B6FBB72726D2184F008FA327 /* AppDelegate.swift */ = {isa = PBXFileReference; lastKnownFileType = sourcecode.swift; path = AppDelegate.swift; sourceTree = "<group>"; };
		B6FBB72926D2184F008FA327 /* SceneDelegate.swift */ = {isa = PBXFileReference; lastKnownFileType = sourcecode.swift; path = SceneDelegate.swift; sourceTree = "<group>"; };
		B6FBB72B26D2184F008FA327 /* ViewController.swift */ = {isa = PBXFileReference; lastKnownFileType = sourcecode.swift; path = ViewController.swift; sourceTree = "<group>"; };
		B6FBB72E26D2184F008FA327 /* Base */ = {isa = PBXFileReference; lastKnownFileType = file.storyboard; name = Base; path = Base.lproj/Main.storyboard; sourceTree = "<group>"; };
		B6FBB73026D21850008FA327 /* Assets.xcassets */ = {isa = PBXFileReference; lastKnownFileType = folder.assetcatalog; path = Assets.xcassets; sourceTree = "<group>"; };
		B6FBB73326D21850008FA327 /* Base */ = {isa = PBXFileReference; lastKnownFileType = file.storyboard; name = Base; path = Base.lproj/LaunchScreen.storyboard; sourceTree = "<group>"; };
		B6FBB73526D21850008FA327 /* Info.plist */ = {isa = PBXFileReference; lastKnownFileType = text.plist.xml; path = Info.plist; sourceTree = "<group>"; };
		B6FBB73A26D21850008FA327 /* iMovieTests.xctest */ = {isa = PBXFileReference; explicitFileType = wrapper.cfbundle; includeInIndex = 0; path = iMovieTests.xctest; sourceTree = BUILT_PRODUCTS_DIR; };
		B6FBB73E26D21850008FA327 /* iMovieTests.swift */ = {isa = PBXFileReference; lastKnownFileType = sourcecode.swift; path = iMovieTests.swift; sourceTree = "<group>"; };
		B6FBB74026D21850008FA327 /* Info.plist */ = {isa = PBXFileReference; lastKnownFileType = text.plist.xml; path = Info.plist; sourceTree = "<group>"; };
		B6FBB74526D21851008FA327 /* iMovieUITests.xctest */ = {isa = PBXFileReference; explicitFileType = wrapper.cfbundle; includeInIndex = 0; path = iMovieUITests.xctest; sourceTree = BUILT_PRODUCTS_DIR; };
		B6FBB74926D21851008FA327 /* iMovieUITests.swift */ = {isa = PBXFileReference; lastKnownFileType = sourcecode.swift; path = iMovieUITests.swift; sourceTree = "<group>"; };
		B6FBB74B26D21851008FA327 /* Info.plist */ = {isa = PBXFileReference; lastKnownFileType = text.plist.xml; path = Info.plist; sourceTree = "<group>"; };
		BED2D31AF4D33EC7C892BAB2 /* Pods-iMovie-iMovieUITests.debug.xcconfig */ = {isa = PBXFileReference; includeInIndex = 1; lastKnownFileType = text.xcconfig; name = "Pods-iMovie-iMovieUITests.debug.xcconfig"; path = "Target Support Files/Pods-iMovie-iMovieUITests/Pods-iMovie-iMovieUITests.debug.xcconfig"; sourceTree = "<group>"; };
		C131E94F7F7E57E35D4B2940 /* Pods-iMovie.debug.xcconfig */ = {isa = PBXFileReference; includeInIndex = 1; lastKnownFileType = text.xcconfig; name = "Pods-iMovie.debug.xcconfig"; path = "Target Support Files/Pods-iMovie/Pods-iMovie.debug.xcconfig"; sourceTree = "<group>"; };
		C5E93C724B8482B3DA633FDF /* Pods_iMovie.framework */ = {isa = PBXFileReference; explicitFileType = wrapper.framework; includeInIndex = 0; path = Pods_iMovie.framework; sourceTree = BUILT_PRODUCTS_DIR; };
		E268374B1A7EAD13DFDEF32E /* Pods-iMovie.release.xcconfig */ = {isa = PBXFileReference; includeInIndex = 1; lastKnownFileType = text.xcconfig; name = "Pods-iMovie.release.xcconfig"; path = "Target Support Files/Pods-iMovie/Pods-iMovie.release.xcconfig"; sourceTree = "<group>"; };
		F2B4B486D2A25516C79F985B /* Pods-iMovieTests.release.xcconfig */ = {isa = PBXFileReference; includeInIndex = 1; lastKnownFileType = text.xcconfig; name = "Pods-iMovieTests.release.xcconfig"; path = "Target Support Files/Pods-iMovieTests/Pods-iMovieTests.release.xcconfig"; sourceTree = "<group>"; };
/* End PBXFileReference section */

/* Begin PBXFrameworksBuildPhase section */
		B6FBB72126D2184F008FA327 /* Frameworks */ = {
			isa = PBXFrameworksBuildPhase;
			buildActionMask = 2147483647;
			files = (
				F1A6BCD1259CECB431303D9E /* Pods_iMovie.framework in Frameworks */,
			);
			runOnlyForDeploymentPostprocessing = 0;
		};
		B6FBB73726D21850008FA327 /* Frameworks */ = {
			isa = PBXFrameworksBuildPhase;
			buildActionMask = 2147483647;
			files = (
				A6226FA74EC566532DC00574 /* Pods_iMovieTests.framework in Frameworks */,
			);
			runOnlyForDeploymentPostprocessing = 0;
		};
		B6FBB74226D21850008FA327 /* Frameworks */ = {
			isa = PBXFrameworksBuildPhase;
			buildActionMask = 2147483647;
			files = (
				CADF4733A5372EF98FAA240C /* Pods_iMovie_iMovieUITests.framework in Frameworks */,
			);
			runOnlyForDeploymentPostprocessing = 0;
		};
/* End PBXFrameworksBuildPhase section */

/* Begin PBXGroup section */
		30F00BC77A8597A0BCFBED52 /* Frameworks */ = {
			isa = PBXGroup;
			children = (
				C5E93C724B8482B3DA633FDF /* Pods_iMovie.framework */,
				8DF7F4E865ABE6FAE8C0C6A5 /* Pods_iMovie_iMovieUITests.framework */,
				6637B9A65C78DDB9428216DE /* Pods_iMovieTests.framework */,
			);
			name = Frameworks;
			sourceTree = "<group>";
		};
		B6FBB71B26D2184F008FA327 = {
			isa = PBXGroup;
			children = (
				B6FBB72626D2184F008FA327 /* iMovie */,
				B6FBB73D26D21850008FA327 /* iMovieTests */,
				B6FBB74826D21851008FA327 /* iMovieUITests */,
				B6FBB72526D2184F008FA327 /* Products */,
				DA58434F492563230720CAB3 /* Pods */,
				30F00BC77A8597A0BCFBED52 /* Frameworks */,
			);
			sourceTree = "<group>";
		};
		B6FBB72526D2184F008FA327 /* Products */ = {
			isa = PBXGroup;
			children = (
				B6FBB72426D2184F008FA327 /* iMovie.app */,
				B6FBB73A26D21850008FA327 /* iMovieTests.xctest */,
				B6FBB74526D21851008FA327 /* iMovieUITests.xctest */,
			);
			name = Products;
			sourceTree = "<group>";
		};
		B6FBB72626D2184F008FA327 /* iMovie */ = {
			isa = PBXGroup;
			children = (
				B6FBB72726D2184F008FA327 /* AppDelegate.swift */,
				B6FBB72926D2184F008FA327 /* SceneDelegate.swift */,
				B6FBB72B26D2184F008FA327 /* ViewController.swift */,
				B6FBB72D26D2184F008FA327 /* Main.storyboard */,
				B6FBB73026D21850008FA327 /* Assets.xcassets */,
				B6FBB73226D21850008FA327 /* LaunchScreen.storyboard */,
				B6FBB73526D21850008FA327 /* Info.plist */,
			);
			path = iMovie;
			sourceTree = "<group>";
		};
		B6FBB73D26D21850008FA327 /* iMovieTests */ = {
			isa = PBXGroup;
			children = (
				B6FBB73E26D21850008FA327 /* iMovieTests.swift */,
				B6FBB74026D21850008FA327 /* Info.plist */,
			);
			path = iMovieTests;
			sourceTree = "<group>";
		};
		B6FBB74826D21851008FA327 /* iMovieUITests */ = {
			isa = PBXGroup;
			children = (
				B6FBB74926D21851008FA327 /* iMovieUITests.swift */,
				B6FBB74B26D21851008FA327 /* Info.plist */,
			);
			path = iMovieUITests;
			sourceTree = "<group>";
		};
		DA58434F492563230720CAB3 /* Pods */ = {
			isa = PBXGroup;
			children = (
				C131E94F7F7E57E35D4B2940 /* Pods-iMovie.debug.xcconfig */,
				E268374B1A7EAD13DFDEF32E /* Pods-iMovie.release.xcconfig */,
				BED2D31AF4D33EC7C892BAB2 /* Pods-iMovie-iMovieUITests.debug.xcconfig */,
				426FB4CAB6ADC980CE5A7552 /* Pods-iMovie-iMovieUITests.release.xcconfig */,
				14049270C558A94D88DEB02B /* Pods-iMovieTests.debug.xcconfig */,
				F2B4B486D2A25516C79F985B /* Pods-iMovieTests.release.xcconfig */,
			);
			name = Pods;
			path = Pods;
			sourceTree = "<group>";
		};
/* End PBXGroup section */

/* Begin PBXNativeTarget section */
		B6FBB72326D2184F008FA327 /* iMovie */ = {
			isa = PBXNativeTarget;
			buildConfigurationList = B6FBB74E26D21851008FA327 /* Build configuration list for PBXNativeTarget "iMovie" */;
			buildPhases = (
				7D02C18FAC8C6690F54CE82A /* [CP] Check Pods Manifest.lock */,
				B6FBB72026D2184F008FA327 /* Sources */,
				B6FBB72126D2184F008FA327 /* Frameworks */,
				B6FBB72226D2184F008FA327 /* Resources */,
				3C08722CA817BF2B4DE7CD3B /* [CP] Embed Pods Frameworks */,
			);
			buildRules = (
			);
			dependencies = (
			);
			name = iMovie;
			productName = iMovie;
			productReference = B6FBB72426D2184F008FA327 /* iMovie.app */;
			productType = "com.apple.product-type.application";
		};
		B6FBB73926D21850008FA327 /* iMovieTests */ = {
			isa = PBXNativeTarget;
			buildConfigurationList = B6FBB75126D21851008FA327 /* Build configuration list for PBXNativeTarget "iMovieTests" */;
			buildPhases = (
				9E74D9A4968A1DEEBD28477D /* [CP] Check Pods Manifest.lock */,
				B6FBB73626D21850008FA327 /* Sources */,
				B6FBB73726D21850008FA327 /* Frameworks */,
				B6FBB73826D21850008FA327 /* Resources */,
			);
			buildRules = (
			);
			dependencies = (
				B6FBB73C26D21850008FA327 /* PBXTargetDependency */,
			);
			name = iMovieTests;
			productName = iMovieTests;
			productReference = B6FBB73A26D21850008FA327 /* iMovieTests.xctest */;
			productType = "com.apple.product-type.bundle.unit-test";
		};
		B6FBB74426D21850008FA327 /* iMovieUITests */ = {
			isa = PBXNativeTarget;
			buildConfigurationList = B6FBB75426D21851008FA327 /* Build configuration list for PBXNativeTarget "iMovieUITests" */;
			buildPhases = (
				19C3895DB477D1C72FED99F5 /* [CP] Check Pods Manifest.lock */,
				B6FBB74126D21850008FA327 /* Sources */,
				B6FBB74226D21850008FA327 /* Frameworks */,
				B6FBB74326D21850008FA327 /* Resources */,
				8FA4D71F08C68C982DBA182A /* [CP] Embed Pods Frameworks */,
			);
			buildRules = (
			);
			dependencies = (
				B6FBB74726D21851008FA327 /* PBXTargetDependency */,
			);
			name = iMovieUITests;
			productName = iMovieUITests;
			productReference = B6FBB74526D21851008FA327 /* iMovieUITests.xctest */;
			productType = "com.apple.product-type.bundle.ui-testing";
		};
/* End PBXNativeTarget section */

/* Begin PBXProject section */
		B6FBB71C26D2184F008FA327 /* Project object */ = {
			isa = PBXProject;
			attributes = {
				LastSwiftUpdateCheck = 1250;
				LastUpgradeCheck = 1250;
				TargetAttributes = {
					B6FBB72326D2184F008FA327 = {
						CreatedOnToolsVersion = 12.5.1;
					};
					B6FBB73926D21850008FA327 = {
						CreatedOnToolsVersion = 12.5.1;
						TestTargetID = B6FBB72326D2184F008FA327;
					};
					B6FBB74426D21850008FA327 = {
						CreatedOnToolsVersion = 12.5.1;
						TestTargetID = B6FBB72326D2184F008FA327;
					};
				};
			};
			buildConfigurationList = B6FBB71F26D2184F008FA327 /* Build configuration list for PBXProject "iMovie" */;
			compatibilityVersion = "Xcode 9.3";
			developmentRegion = en;
			hasScannedForEncodings = 0;
			knownRegions = (
				en,
				Base,
			);
			mainGroup = B6FBB71B26D2184F008FA327;
			productRefGroup = B6FBB72526D2184F008FA327 /* Products */;
			projectDirPath = "";
			projectRoot = "";
			targets = (
				B6FBB72326D2184F008FA327 /* iMovie */,
				B6FBB73926D21850008FA327 /* iMovieTests */,
				B6FBB74426D21850008FA327 /* iMovieUITests */,
			);
		};
/* End PBXProject section */

/* Begin PBXResourcesBuildPhase section */
		B6FBB72226D2184F008FA327 /* Resources */ = {
			isa = PBXResourcesBuildPhase;
			buildActionMask = 2147483647;
			files = (
				B6FBB73426D21850008FA327 /* LaunchScreen.storyboard in Resources */,
				B6FBB73126D21850008FA327 /* Assets.xcassets in Resources */,
				B6FBB72F26D2184F008FA327 /* Main.storyboard in Resources */,
			);
			runOnlyForDeploymentPostprocessing = 0;
		};
		B6FBB73826D21850008FA327 /* Resources */ = {
			isa = PBXResourcesBuildPhase;
			buildActionMask = 2147483647;
			files = (
			);
			runOnlyForDeploymentPostprocessing = 0;
		};
		B6FBB74326D21850008FA327 /* Resources */ = {
			isa = PBXResourcesBuildPhase;
			buildActionMask = 2147483647;
			files = (
			);
			runOnlyForDeploymentPostprocessing = 0;
		};
/* End PBXResourcesBuildPhase section */

/* Begin PBXShellScriptBuildPhase section */
		19C3895DB477D1C72FED99F5 /* [CP] Check Pods Manifest.lock */ = {
			isa = PBXShellScriptBuildPhase;
			buildActionMask = 2147483647;
			files = (
			);
			inputFileListPaths = (
			);
			inputPaths = (
				"${PODS_PODFILE_DIR_PATH}/Podfile.lock",
				"${PODS_ROOT}/Manifest.lock",
			);
			name = "[CP] Check Pods Manifest.lock";
			outputFileListPaths = (
			);
			outputPaths = (
				"$(DERIVED_FILE_DIR)/Pods-iMovie-iMovieUITests-checkManifestLockResult.txt",
			);
			runOnlyForDeploymentPostprocessing = 0;
			shellPath = /bin/sh;
			shellScript = "diff \"${PODS_PODFILE_DIR_PATH}/Podfile.lock\" \"${PODS_ROOT}/Manifest.lock\" > /dev/null\nif [ $? != 0 ] ; then\n    # print error to STDERR\n    echo \"error: The sandbox is not in sync with the Podfile.lock. Run 'pod install' or update your CocoaPods installation.\" >&2\n    exit 1\nfi\n# This output is used by Xcode 'outputs' to avoid re-running this script phase.\necho \"SUCCESS\" > \"${SCRIPT_OUTPUT_FILE_0}\"\n";
			showEnvVarsInLog = 0;
		};
		3C08722CA817BF2B4DE7CD3B /* [CP] Embed Pods Frameworks */ = {
			isa = PBXShellScriptBuildPhase;
			buildActionMask = 2147483647;
			files = (
			);
			inputFileListPaths = (
				"${PODS_ROOT}/Target Support Files/Pods-iMovie/Pods-iMovie-frameworks-${CONFIGURATION}-input-files.xcfilelist",
			);
			name = "[CP] Embed Pods Frameworks";
			outputFileListPaths = (
				"${PODS_ROOT}/Target Support Files/Pods-iMovie/Pods-iMovie-frameworks-${CONFIGURATION}-output-files.xcfilelist",
			);
			runOnlyForDeploymentPostprocessing = 0;
			shellPath = /bin/sh;
			shellScript = "\"${PODS_ROOT}/Target Support Files/Pods-iMovie/Pods-iMovie-frameworks.sh\"\n";
			showEnvVarsInLog = 0;
		};
		7D02C18FAC8C6690F54CE82A /* [CP] Check Pods Manifest.lock */ = {
			isa = PBXShellScriptBuildPhase;
			buildActionMask = 2147483647;
			files = (
			);
			inputFileListPaths = (
			);
			inputPaths = (
				"${PODS_PODFILE_DIR_PATH}/Podfile.lock",
				"${PODS_ROOT}/Manifest.lock",
			);
			name = "[CP] Check Pods Manifest.lock";
			outputFileListPaths = (
			);
			outputPaths = (
				"$(DERIVED_FILE_DIR)/Pods-iMovie-checkManifestLockResult.txt",
			);
			runOnlyForDeploymentPostprocessing = 0;
			shellPath = /bin/sh;
			shellScript = "diff \"${PODS_PODFILE_DIR_PATH}/Podfile.lock\" \"${PODS_ROOT}/Manifest.lock\" > /dev/null\nif [ $? != 0 ] ; then\n    # print error to STDERR\n    echo \"error: The sandbox is not in sync with the Podfile.lock. Run 'pod install' or update your CocoaPods installation.\" >&2\n    exit 1\nfi\n# This output is used by Xcode 'outputs' to avoid re-running this script phase.\necho \"SUCCESS\" > \"${SCRIPT_OUTPUT_FILE_0}\"\n";
			showEnvVarsInLog = 0;
		};
		8FA4D71F08C68C982DBA182A /* [CP] Embed Pods Frameworks */ = {
			isa = PBXShellScriptBuildPhase;
			buildActionMask = 2147483647;
			files = (
			);
			inputFileListPaths = (
				"${PODS_ROOT}/Target Support Files/Pods-iMovie-iMovieUITests/Pods-iMovie-iMovieUITests-frameworks-${CONFIGURATION}-input-files.xcfilelist",
			);
			name = "[CP] Embed Pods Frameworks";
			outputFileListPaths = (
				"${PODS_ROOT}/Target Support Files/Pods-iMovie-iMovieUITests/Pods-iMovie-iMovieUITests-frameworks-${CONFIGURATION}-output-files.xcfilelist",
			);
			runOnlyForDeploymentPostprocessing = 0;
			shellPath = /bin/sh;
			shellScript = "\"${PODS_ROOT}/Target Support Files/Pods-iMovie-iMovieUITests/Pods-iMovie-iMovieUITests-frameworks.sh\"\n";
			showEnvVarsInLog = 0;
		};
		9E74D9A4968A1DEEBD28477D /* [CP] Check Pods Manifest.lock */ = {
			isa = PBXShellScriptBuildPhase;
			buildActionMask = 2147483647;
			files = (
			);
			inputFileListPaths = (
			);
			inputPaths = (
				"${PODS_PODFILE_DIR_PATH}/Podfile.lock",
				"${PODS_ROOT}/Manifest.lock",
			);
			name = "[CP] Check Pods Manifest.lock";
			outputFileListPaths = (
			);
			outputPaths = (
				"$(DERIVED_FILE_DIR)/Pods-iMovieTests-checkManifestLockResult.txt",
			);
			runOnlyForDeploymentPostprocessing = 0;
			shellPath = /bin/sh;
			shellScript = "diff \"${PODS_PODFILE_DIR_PATH}/Podfile.lock\" \"${PODS_ROOT}/Manifest.lock\" > /dev/null\nif [ $? != 0 ] ; then\n    # print error to STDERR\n    echo \"error: The sandbox is not in sync with the Podfile.lock. Run 'pod install' or update your CocoaPods installation.\" >&2\n    exit 1\nfi\n# This output is used by Xcode 'outputs' to avoid re-running this script phase.\necho \"SUCCESS\" > \"${SCRIPT_OUTPUT_FILE_0}\"\n";
			showEnvVarsInLog = 0;
		};
/* End PBXShellScriptBuildPhase section */

/* Begin PBXSourcesBuildPhase section */
		B6FBB72026D2184F008FA327 /* Sources */ = {
			isa = PBXSourcesBuildPhase;
			buildActionMask = 2147483647;
			files = (
				B6FBB72C26D2184F008FA327 /* ViewController.swift in Sources */,
				B6FBB72826D2184F008FA327 /* AppDelegate.swift in Sources */,
				B6FBB72A26D2184F008FA327 /* SceneDelegate.swift in Sources */,
			);
			runOnlyForDeploymentPostprocessing = 0;
		};
		B6FBB73626D21850008FA327 /* Sources */ = {
			isa = PBXSourcesBuildPhase;
			buildActionMask = 2147483647;
			files = (
				B6FBB73F26D21850008FA327 /* iMovieTests.swift in Sources */,
			);
			runOnlyForDeploymentPostprocessing = 0;
		};
		B6FBB74126D21850008FA327 /* Sources */ = {
			isa = PBXSourcesBuildPhase;
			buildActionMask = 2147483647;
			files = (
				B6FBB74A26D21851008FA327 /* iMovieUITests.swift in Sources */,
			);
			runOnlyForDeploymentPostprocessing = 0;
		};
/* End PBXSourcesBuildPhase section */

/* Begin PBXTargetDependency section */
		B6FBB73C26D21850008FA327 /* PBXTargetDependency */ = {
			isa = PBXTargetDependency;
			target = B6FBB72326D2184F008FA327 /* iMovie */;
			targetProxy = B6FBB73B26D21850008FA327 /* PBXContainerItemProxy */;
		};
		B6FBB74726D21851008FA327 /* PBXTargetDependency */ = {
			isa = PBXTargetDependency;
			target = B6FBB72326D2184F008FA327 /* iMovie */;
			targetProxy = B6FBB74626D21851008FA327 /* PBXContainerItemProxy */;
		};
/* End PBXTargetDependency section */

/* Begin PBXVariantGroup section */
		B6FBB72D26D2184F008FA327 /* Main.storyboard */ = {
			isa = PBXVariantGroup;
			children = (
				B6FBB72E26D2184F008FA327 /* Base */,
			);
			name = Main.storyboard;
			sourceTree = "<group>";
		};
		B6FBB73226D21850008FA327 /* LaunchScreen.storyboard */ = {
			isa = PBXVariantGroup;
			children = (
				B6FBB73326D21850008FA327 /* Base */,
			);
			name = LaunchScreen.storyboard;
			sourceTree = "<group>";
		};
/* End PBXVariantGroup section */

/* Begin XCBuildConfiguration section */
		B6FBB74C26D21851008FA327 /* Debug */ = {
			isa = XCBuildConfiguration;
			buildSettings = {
				ALWAYS_SEARCH_USER_PATHS = NO;
				CLANG_ANALYZER_NONNULL = YES;
				CLANG_ANALYZER_NUMBER_OBJECT_CONVERSION = YES_AGGRESSIVE;
				CLANG_CXX_LANGUAGE_STANDARD = "gnu++14";
				CLANG_CXX_LIBRARY = "libc++";
				CLANG_ENABLE_MODULES = YES;
				CLANG_ENABLE_OBJC_ARC = YES;
				CLANG_ENABLE_OBJC_WEAK = YES;
				CLANG_WARN_BLOCK_CAPTURE_AUTORELEASING = YES;
				CLANG_WARN_BOOL_CONVERSION = YES;
				CLANG_WARN_COMMA = YES;
				CLANG_WARN_CONSTANT_CONVERSION = YES;
				CLANG_WARN_DEPRECATED_OBJC_IMPLEMENTATIONS = YES;
				CLANG_WARN_DIRECT_OBJC_ISA_USAGE = YES_ERROR;
				CLANG_WARN_DOCUMENTATION_COMMENTS = YES;
				CLANG_WARN_EMPTY_BODY = YES;
				CLANG_WARN_ENUM_CONVERSION = YES;
				CLANG_WARN_INFINITE_RECURSION = YES;
				CLANG_WARN_INT_CONVERSION = YES;
				CLANG_WARN_NON_LITERAL_NULL_CONVERSION = YES;
				CLANG_WARN_OBJC_IMPLICIT_RETAIN_SELF = YES;
				CLANG_WARN_OBJC_LITERAL_CONVERSION = YES;
				CLANG_WARN_OBJC_ROOT_CLASS = YES_ERROR;
				CLANG_WARN_QUOTED_INCLUDE_IN_FRAMEWORK_HEADER = YES;
				CLANG_WARN_RANGE_LOOP_ANALYSIS = YES;
				CLANG_WARN_STRICT_PROTOTYPES = YES;
				CLANG_WARN_SUSPICIOUS_MOVE = YES;
				CLANG_WARN_UNGUARDED_AVAILABILITY = YES_AGGRESSIVE;
				CLANG_WARN_UNREACHABLE_CODE = YES;
				CLANG_WARN__DUPLICATE_METHOD_MATCH = YES;
				COPY_PHASE_STRIP = NO;
				DEBUG_INFORMATION_FORMAT = dwarf;
				ENABLE_STRICT_OBJC_MSGSEND = YES;
				ENABLE_TESTABILITY = YES;
				GCC_C_LANGUAGE_STANDARD = gnu11;
				GCC_DYNAMIC_NO_PIC = NO;
				GCC_NO_COMMON_BLOCKS = YES;
				GCC_OPTIMIZATION_LEVEL = 0;
				GCC_PREPROCESSOR_DEFINITIONS = (
					"DEBUG=1",
					"$(inherited)",
				);
				GCC_WARN_64_TO_32_BIT_CONVERSION = YES;
				GCC_WARN_ABOUT_RETURN_TYPE = YES_ERROR;
				GCC_WARN_UNDECLARED_SELECTOR = YES;
				GCC_WARN_UNINITIALIZED_AUTOS = YES_AGGRESSIVE;
				GCC_WARN_UNUSED_FUNCTION = YES;
				GCC_WARN_UNUSED_VARIABLE = YES;
				IPHONEOS_DEPLOYMENT_TARGET = 14.5;
				MTL_ENABLE_DEBUG_INFO = INCLUDE_SOURCE;
				MTL_FAST_MATH = YES;
				ONLY_ACTIVE_ARCH = YES;
				SDKROOT = iphoneos;
				SWIFT_ACTIVE_COMPILATION_CONDITIONS = DEBUG;
				SWIFT_OPTIMIZATION_LEVEL = "-Onone";
			};
			name = Debug;
		};
		B6FBB74D26D21851008FA327 /* Release */ = {
			isa = XCBuildConfiguration;
			buildSettings = {
				ALWAYS_SEARCH_USER_PATHS = NO;
				CLANG_ANALYZER_NONNULL = YES;
				CLANG_ANALYZER_NUMBER_OBJECT_CONVERSION = YES_AGGRESSIVE;
				CLANG_CXX_LANGUAGE_STANDARD = "gnu++14";
				CLANG_CXX_LIBRARY = "libc++";
				CLANG_ENABLE_MODULES = YES;
				CLANG_ENABLE_OBJC_ARC = YES;
				CLANG_ENABLE_OBJC_WEAK = YES;
				CLANG_WARN_BLOCK_CAPTURE_AUTORELEASING = YES;
				CLANG_WARN_BOOL_CONVERSION = YES;
				CLANG_WARN_COMMA = YES;
				CLANG_WARN_CONSTANT_CONVERSION = YES;
				CLANG_WARN_DEPRECATED_OBJC_IMPLEMENTATIONS = YES;
				CLANG_WARN_DIRECT_OBJC_ISA_USAGE = YES_ERROR;
				CLANG_WARN_DOCUMENTATION_COMMENTS = YES;
				CLANG_WARN_EMPTY_BODY = YES;
				CLANG_WARN_ENUM_CONVERSION = YES;
				CLANG_WARN_INFINITE_RECURSION = YES;
				CLANG_WARN_INT_CONVERSION = YES;
				CLANG_WARN_NON_LITERAL_NULL_CONVERSION = YES;
				CLANG_WARN_OBJC_IMPLICIT_RETAIN_SELF = YES;
				CLANG_WARN_OBJC_LITERAL_CONVERSION = YES;
				CLANG_WARN_OBJC_ROOT_CLASS = YES_ERROR;
				CLANG_WARN_QUOTED_INCLUDE_IN_FRAMEWORK_HEADER = YES;
				CLANG_WARN_RANGE_LOOP_ANALYSIS = YES;
				CLANG_WARN_STRICT_PROTOTYPES = YES;
				CLANG_WARN_SUSPICIOUS_MOVE = YES;
				CLANG_WARN_UNGUARDED_AVAILABILITY = YES_AGGRESSIVE;
				CLANG_WARN_UNREACHABLE_CODE = YES;
				CLANG_WARN__DUPLICATE_METHOD_MATCH = YES;
				COPY_PHASE_STRIP = NO;
				DEBUG_INFORMATION_FORMAT = "dwarf-with-dsym";
				ENABLE_NS_ASSERTIONS = NO;
				ENABLE_STRICT_OBJC_MSGSEND = YES;
				GCC_C_LANGUAGE_STANDARD = gnu11;
				GCC_NO_COMMON_BLOCKS = YES;
				GCC_WARN_64_TO_32_BIT_CONVERSION = YES;
				GCC_WARN_ABOUT_RETURN_TYPE = YES_ERROR;
				GCC_WARN_UNDECLARED_SELECTOR = YES;
				GCC_WARN_UNINITIALIZED_AUTOS = YES_AGGRESSIVE;
				GCC_WARN_UNUSED_FUNCTION = YES;
				GCC_WARN_UNUSED_VARIABLE = YES;
				IPHONEOS_DEPLOYMENT_TARGET = 14.5;
				MTL_ENABLE_DEBUG_INFO = NO;
				MTL_FAST_MATH = YES;
				SDKROOT = iphoneos;
				SWIFT_COMPILATION_MODE = wholemodule;
				SWIFT_OPTIMIZATION_LEVEL = "-O";
				VALIDATE_PRODUCT = YES;
			};
			name = Release;
		};
		B6FBB74F26D21851008FA327 /* Debug */ = {
			isa = XCBuildConfiguration;
			baseConfigurationReference = C131E94F7F7E57E35D4B2940 /* Pods-iMovie.debug.xcconfig */;
			buildSettings = {
				ASSETCATALOG_COMPILER_APPICON_NAME = AppIcon;
				ASSETCATALOG_COMPILER_GLOBAL_ACCENT_COLOR_NAME = AccentColor;
				CODE_SIGN_STYLE = Automatic;
				DEVELOPMENT_TEAM = R3GW2NEGBJ;
				INFOPLIST_FILE = iMovie/Info.plist;
				LD_RUNPATH_SEARCH_PATHS = (
					"$(inherited)",
					"@executable_path/Frameworks",
				);
				PRODUCT_BUNDLE_IDENTIFIER = com.korona.iMovie;
				PRODUCT_NAME = "$(TARGET_NAME)";
				SWIFT_VERSION = 5.0;
				TARGETED_DEVICE_FAMILY = "1,2";
			};
			name = Debug;
		};
		B6FBB75026D21851008FA327 /* Release */ = {
			isa = XCBuildConfiguration;
			baseConfigurationReference = E268374B1A7EAD13DFDEF32E /* Pods-iMovie.release.xcconfig */;
			buildSettings = {
				ASSETCATALOG_COMPILER_APPICON_NAME = AppIcon;
				ASSETCATALOG_COMPILER_GLOBAL_ACCENT_COLOR_NAME = AccentColor;
				CODE_SIGN_STYLE = Automatic;
				DEVELOPMENT_TEAM = R3GW2NEGBJ;
				INFOPLIST_FILE = iMovie/Info.plist;
				LD_RUNPATH_SEARCH_PATHS = (
					"$(inherited)",
					"@executable_path/Frameworks",
				);
				PRODUCT_BUNDLE_IDENTIFIER = com.korona.iMovie;
				PRODUCT_NAME = "$(TARGET_NAME)";
				SWIFT_VERSION = 5.0;
				TARGETED_DEVICE_FAMILY = "1,2";
			};
			name = Release;
		};
		B6FBB75226D21851008FA327 /* Debug */ = {
			isa = XCBuildConfiguration;
			baseConfigurationReference = 14049270C558A94D88DEB02B /* Pods-iMovieTests.debug.xcconfig */;
			buildSettings = {
				ALWAYS_EMBED_SWIFT_STANDARD_LIBRARIES = YES;
				BUNDLE_LOADER = "$(TEST_HOST)";
				CODE_SIGN_STYLE = Automatic;
				DEVELOPMENT_TEAM = R3GW2NEGBJ;
				INFOPLIST_FILE = iMovieTests/Info.plist;
				IPHONEOS_DEPLOYMENT_TARGET = 14.5;
				LD_RUNPATH_SEARCH_PATHS = (
					"$(inherited)",
					"@executable_path/Frameworks",
					"@loader_path/Frameworks",
				);
				PRODUCT_BUNDLE_IDENTIFIER = com.korona.iMovieTests;
				PRODUCT_NAME = "$(TARGET_NAME)";
				SWIFT_VERSION = 5.0;
				TARGETED_DEVICE_FAMILY = "1,2";
				TEST_HOST = "$(BUILT_PRODUCTS_DIR)/iMovie.app/iMovie";
			};
			name = Debug;
		};
		B6FBB75326D21851008FA327 /* Release */ = {
			isa = XCBuildConfiguration;
			baseConfigurationReference = F2B4B486D2A25516C79F985B /* Pods-iMovieTests.release.xcconfig */;
			buildSettings = {
				ALWAYS_EMBED_SWIFT_STANDARD_LIBRARIES = YES;
				BUNDLE_LOADER = "$(TEST_HOST)";
				CODE_SIGN_STYLE = Automatic;
				DEVELOPMENT_TEAM = R3GW2NEGBJ;
				INFOPLIST_FILE = iMovieTests/Info.plist;
				IPHONEOS_DEPLOYMENT_TARGET = 14.5;
				LD_RUNPATH_SEARCH_PATHS = (
					"$(inherited)",
					"@executable_path/Frameworks",
					"@loader_path/Frameworks",
				);
				PRODUCT_BUNDLE_IDENTIFIER = com.korona.iMovieTests;
				PRODUCT_NAME = "$(TARGET_NAME)";
				SWIFT_VERSION = 5.0;
				TARGETED_DEVICE_FAMILY = "1,2";
				TEST_HOST = "$(BUILT_PRODUCTS_DIR)/iMovie.app/iMovie";
			};
			name = Release;
		};
		B6FBB75526D21851008FA327 /* Debug */ = {
			isa = XCBuildConfiguration;
			baseConfigurationReference = BED2D31AF4D33EC7C892BAB2 /* Pods-iMovie-iMovieUITests.debug.xcconfig */;
			buildSettings = {
				ALWAYS_EMBED_SWIFT_STANDARD_LIBRARIES = YES;
				CODE_SIGN_STYLE = Automatic;
				DEVELOPMENT_TEAM = R3GW2NEGBJ;
				INFOPLIST_FILE = iMovieUITests/Info.plist;
				LD_RUNPATH_SEARCH_PATHS = (
					"$(inherited)",
					"@executable_path/Frameworks",
					"@loader_path/Frameworks",
				);
				PRODUCT_BUNDLE_IDENTIFIER = com.korona.iMovieUITests;
				PRODUCT_NAME = "$(TARGET_NAME)";
				SWIFT_VERSION = 5.0;
				TARGETED_DEVICE_FAMILY = "1,2";
				TEST_TARGET_NAME = iMovie;
			};
			name = Debug;
		};
		B6FBB75626D21851008FA327 /* Release */ = {
			isa = XCBuildConfiguration;
			baseConfigurationReference = 426FB4CAB6ADC980CE5A7552 /* Pods-iMovie-iMovieUITests.release.xcconfig */;
			buildSettings = {
				ALWAYS_EMBED_SWIFT_STANDARD_LIBRARIES = YES;
				CODE_SIGN_STYLE = Automatic;
				DEVELOPMENT_TEAM = R3GW2NEGBJ;
				INFOPLIST_FILE = iMovieUITests/Info.plist;
				LD_RUNPATH_SEARCH_PATHS = (
					"$(inherited)",
					"@executable_path/Frameworks",
					"@loader_path/Frameworks",
				);
				PRODUCT_BUNDLE_IDENTIFIER = com.korona.iMovieUITests;
				PRODUCT_NAME = "$(TARGET_NAME)";
				SWIFT_VERSION = 5.0;
				TARGETED_DEVICE_FAMILY = "1,2";
				TEST_TARGET_NAME = iMovie;
			};
			name = Release;
		};
/* End XCBuildConfiguration section */

/* Begin XCConfigurationList section */
		B6FBB71F26D2184F008FA327 /* Build configuration list for PBXProject "iMovie" */ = {
			isa = XCConfigurationList;
			buildConfigurations = (
				B6FBB74C26D21851008FA327 /* Debug */,
				B6FBB74D26D21851008FA327 /* Release */,
			);
			defaultConfigurationIsVisible = 0;
			defaultConfigurationName = Release;
		};
		B6FBB74E26D21851008FA327 /* Build configuration list for PBXNativeTarget "iMovie" */ = {
			isa = XCConfigurationList;
			buildConfigurations = (
				B6FBB74F26D21851008FA327 /* Debug */,
				B6FBB75026D21851008FA327 /* Release */,
			);
			defaultConfigurationIsVisible = 0;
			defaultConfigurationName = Release;
		};
		B6FBB75126D21851008FA327 /* Build configuration list for PBXNativeTarget "iMovieTests" */ = {
			isa = XCConfigurationList;
			buildConfigurations = (
				B6FBB75226D21851008FA327 /* Debug */,
				B6FBB75326D21851008FA327 /* Release */,
			);
			defaultConfigurationIsVisible = 0;
			defaultConfigurationName = Release;
		};
		B6FBB75426D21851008FA327 /* Build configuration list for PBXNativeTarget "iMovieUITests" */ = {
			isa = XCConfigurationList;
			buildConfigurations = (
				B6FBB75526D21851008FA327 /* Debug */,
				B6FBB75626D21851008FA327 /* Release */,
			);
			defaultConfigurationIsVisible = 0;
			defaultConfigurationName = Release;
		};
/* End XCConfigurationList section */
	};
	rootObject = B6FBB71C26D2184F008FA327 /* Project object */;
}
