// !$*UTF8*$!
{
	archiveVersion = 1;
	classes = {
	};
	objectVersion = 54;
	objects = {

/* Begin PBXBuildFile section */
		A6226FA74EC566532DC00574 /* Pods_iMovieTests.framework in Frameworks */ = {isa = PBXBuildFile; fileRef = 6637B9A65C78DDB9428216DE /* Pods_iMovieTests.framework */; };
		B6681F1F26DA221B00717774 /* CharacterInfoViewController.swift in Sources */ = {isa = PBXBuildFile; fileRef = B6681F1E26DA221B00717774 /* CharacterInfoViewController.swift */; };
		B6681F2126DA232800717774 /* CharacterInfoViewModel.swift in Sources */ = {isa = PBXBuildFile; fileRef = B6681F2026DA232800717774 /* CharacterInfoViewModel.swift */; };
		B6681F2726DA6C6600717774 /* HomeViewModelTests.swift in Sources */ = {isa = PBXBuildFile; fileRef = B6681F2626DA6C6600717774 /* HomeViewModelTests.swift */; };
		B6681F2926DA6F0900717774 /* MovieInfoViewModelTests.swift in Sources */ = {isa = PBXBuildFile; fileRef = B6681F2826DA6F0900717774 /* MovieInfoViewModelTests.swift */; };
		B6681F2B26DA77AC00717774 /* CharacterInfoViewModelTests.swift in Sources */ = {isa = PBXBuildFile; fileRef = B6681F2A26DA77AC00717774 /* CharacterInfoViewModelTests.swift */; };
		B6D3AB8426D4F8E600C99813 /* TitleTableViewCell.swift in Sources */ = {isa = PBXBuildFile; fileRef = B6D3AB8226D4F8E500C99813 /* TitleTableViewCell.swift */; };
		B6D3AB8526D4F8E600C99813 /* TitleTableViewCell.xib in Resources */ = {isa = PBXBuildFile; fileRef = B6D3AB8326D4F8E500C99813 /* TitleTableViewCell.xib */; };
		B6D3AB8B26D4F9E000C99813 /* ContentTableViewCell.swift in Sources */ = {isa = PBXBuildFile; fileRef = B6D3AB8926D4F9E000C99813 /* ContentTableViewCell.swift */; };
		B6D3AB8C26D4F9E000C99813 /* ContentTableViewCell.xib in Resources */ = {isa = PBXBuildFile; fileRef = B6D3AB8A26D4F9E000C99813 /* ContentTableViewCell.xib */; };
		B6D3AB8E26D4FB1A00C99813 /* CharacterTableViewCell.swift in Sources */ = {isa = PBXBuildFile; fileRef = B6D3AB8D26D4FB1A00C99813 /* CharacterTableViewCell.swift */; };
		B6D3AB9026D51C8B00C99813 /* UITableViewCell+Extensions.swift in Sources */ = {isa = PBXBuildFile; fileRef = B6D3AB8F26D51C8B00C99813 /* UITableViewCell+Extensions.swift */; };
		B6FBB72826D2184F008FA327 /* AppDelegate.swift in Sources */ = {isa = PBXBuildFile; fileRef = B6FBB72726D2184F008FA327 /* AppDelegate.swift */; };
		B6FBB72A26D2184F008FA327 /* SceneDelegate.swift in Sources */ = {isa = PBXBuildFile; fileRef = B6FBB72926D2184F008FA327 /* SceneDelegate.swift */; };
		B6FBB72C26D2184F008FA327 /* HomeViewController.swift in Sources */ = {isa = PBXBuildFile; fileRef = B6FBB72B26D2184F008FA327 /* HomeViewController.swift */; };
		B6FBB72F26D2184F008FA327 /* Main.storyboard in Resources */ = {isa = PBXBuildFile; fileRef = B6FBB72D26D2184F008FA327 /* Main.storyboard */; };
		B6FBB73126D21850008FA327 /* Assets.xcassets in Resources */ = {isa = PBXBuildFile; fileRef = B6FBB73026D21850008FA327 /* Assets.xcassets */; };
		B6FBB73426D21850008FA327 /* LaunchScreen.storyboard in Resources */ = {isa = PBXBuildFile; fileRef = B6FBB73226D21850008FA327 /* LaunchScreen.storyboard */; };
		B6FBB74A26D21851008FA327 /* iMovieUITests.swift in Sources */ = {isa = PBXBuildFile; fileRef = B6FBB74926D21851008FA327 /* iMovieUITests.swift */; };
		B6FBB75F26D21F13008FA327 /* UIHelper.swift in Sources */ = {isa = PBXBuildFile; fileRef = B6FBB75E26D21F13008FA327 /* UIHelper.swift */; };
		B6FBB76226D21F39008FA327 /* UIConstants.swift in Sources */ = {isa = PBXBuildFile; fileRef = B6FBB76126D21F39008FA327 /* UIConstants.swift */; };
		B6FBB76426D22002008FA327 /* Error.swift in Sources */ = {isa = PBXBuildFile; fileRef = B6FBB76326D22002008FA327 /* Error.swift */; };
		B6FBB76826D220AB008FA327 /* ServiceManager.swift in Sources */ = {isa = PBXBuildFile; fileRef = B6FBB76726D220AB008FA327 /* ServiceManager.swift */; };
		B6FBB76B26D220EA008FA327 /* LogManager.swift in Sources */ = {isa = PBXBuildFile; fileRef = B6FBB76A26D220EA008FA327 /* LogManager.swift */; };
		B6FBB76D26D2210A008FA327 /* NetworkLayer.swift in Sources */ = {isa = PBXBuildFile; fileRef = B6FBB76C26D2210A008FA327 /* NetworkLayer.swift */; };
		B6FBB76F26D221AE008FA327 /* URLConstants.swift in Sources */ = {isa = PBXBuildFile; fileRef = B6FBB76E26D221AE008FA327 /* URLConstants.swift */; };
		B6FBB77226D223E1008FA327 /* MoviesReponse.swift in Sources */ = {isa = PBXBuildFile; fileRef = B6FBB77126D223E1008FA327 /* MoviesReponse.swift */; };
		B6FBB77426D224CB008FA327 /* CharacterResponse.swift in Sources */ = {isa = PBXBuildFile; fileRef = B6FBB77326D224CB008FA327 /* CharacterResponse.swift */; };
		B6FBB77626D225A1008FA327 /* TranslationLayer.swift in Sources */ = {isa = PBXBuildFile; fileRef = B6FBB77526D225A1008FA327 /* TranslationLayer.swift */; };
		B6FBB77826D226DE008FA327 /* ModelLayer.swift in Sources */ = {isa = PBXBuildFile; fileRef = B6FBB77726D226DE008FA327 /* ModelLayer.swift */; };
		B6FBB77B26D22B60008FA327 /* HomeViewModel.swift in Sources */ = {isa = PBXBuildFile; fileRef = B6FBB77A26D22B60008FA327 /* HomeViewModel.swift */; };
		B6FBB77D26D22BBD008FA327 /* WebServiceTests.swift in Sources */ = {isa = PBXBuildFile; fileRef = B6FBB77C26D22BBD008FA327 /* WebServiceTests.swift */; };
		B6FBB78126D24802008FA327 /* MovieTableViewCell.swift in Sources */ = {isa = PBXBuildFile; fileRef = B6FBB77F26D24802008FA327 /* MovieTableViewCell.swift */; };
		B6FBB78426D24A61008FA327 /* MovieCollectionViewCellViewModel.swift in Sources */ = {isa = PBXBuildFile; fileRef = B6FBB78326D24A61008FA327 /* MovieCollectionViewCellViewModel.swift */; };
		B6FBB78626D24AE7008FA327 /* String+Extensions.swift in Sources */ = {isa = PBXBuildFile; fileRef = B6FBB78526D24AE7008FA327 /* String+Extensions.swift */; };
		B6FBB78726D25F82008FA327 /* MovieTableViewCell.xib in Resources */ = {isa = PBXBuildFile; fileRef = B6FBB78026D24802008FA327 /* MovieTableViewCell.xib */; };
		B6FBB78A26D26741008FA327 /* MovieInfoViewController.swift in Sources */ = {isa = PBXBuildFile; fileRef = B6FBB78926D26741008FA327 /* MovieInfoViewController.swift */; };
		B6FBB78C26D267A3008FA327 /* MovieInfoViewModel.swift in Sources */ = {isa = PBXBuildFile; fileRef = B6FBB78B26D267A3008FA327 /* MovieInfoViewModel.swift */; };
		B6FBB79026D27ECD008FA327 /* CharacterCollectionViewCell.swift in Sources */ = {isa = PBXBuildFile; fileRef = B6FBB78E26D27ECD008FA327 /* CharacterCollectionViewCell.swift */; };
		B6FBB79126D27ECD008FA327 /* CharacterCollectionViewCell.xib in Resources */ = {isa = PBXBuildFile; fileRef = B6FBB78F26D27ECD008FA327 /* CharacterCollectionViewCell.xib */; };
		CADF4733A5372EF98FAA240C /* Pods_iMovie_iMovieUITests.framework in Frameworks */ = {isa = PBXBuildFile; fileRef = 8DF7F4E865ABE6FAE8C0C6A5 /* Pods_iMovie_iMovieUITests.framework */; };
		F1A6BCD1259CECB431303D9E /* Pods_iMovie.framework in Frameworks */ = {isa = PBXBuildFile; fileRef = C5E93C724B8482B3DA633FDF /* Pods_iMovie.framework */; };
/* End PBXBuildFile section */

/* Begin PBXContainerItemProxy section */
		B6FBB73B26D21850008FA327 /* PBXContainerItemProxy */ = {
			isa = PBXContainerItemProxy;
			containerPortal = B6FBB71C26D2184F008FA327 /* Project object */;
			proxyType = 1;
			remoteGlobalIDString = B6FBB72326D2184F008FA327;
			remoteInfo = iMovie;
		};
		B6FBB74626D21851008FA327 /* PBXContainerItemProxy */ = {
			isa = PBXContainerItemProxy;
			containerPortal = B6FBB71C26D2184F008FA327 /* Project object */;
			proxyType = 1;
			remoteGlobalIDString = B6FBB72326D2184F008FA327;
			remoteInfo = iMovie;
		};
/* End PBXContainerItemProxy section */

/* Begin PBXFileReference section */
		14049270C558A94D88DEB02B /* Pods-iMovieTests.debug.xcconfig */ = {isa = PBXFileReference; includeInIndex = 1; lastKnownFileType = text.xcconfig; name = "Pods-iMovieTests.debug.xcconfig"; path = "Target Support Files/Pods-iMovieTests/Pods-iMovieTests.debug.xcconfig"; sourceTree = "<group>"; };
		426FB4CAB6ADC980CE5A7552 /* Pods-iMovie-iMovieUITests.release.xcconfig */ = {isa = PBXFileReference; includeInIndex = 1; lastKnownFileType = text.xcconfig; name = "Pods-iMovie-iMovieUITests.release.xcconfig"; path = "Target Support Files/Pods-iMovie-iMovieUITests/Pods-iMovie-iMovieUITests.release.xcconfig"; sourceTree = "<group>"; };
		6637B9A65C78DDB9428216DE /* Pods_iMovieTests.framework */ = {isa = PBXFileReference; explicitFileType = wrapper.framework; includeInIndex = 0; path = Pods_iMovieTests.framework; sourceTree = BUILT_PRODUCTS_DIR; };
		8DF7F4E865ABE6FAE8C0C6A5 /* Pods_iMovie_iMovieUITests.framework */ = {isa = PBXFileReference; explicitFileType = wrapper.framework; includeInIndex = 0; path = Pods_iMovie_iMovieUITests.framework; sourceTree = BUILT_PRODUCTS_DIR; };
		B6681F1E26DA221B00717774 /* CharacterInfoViewController.swift */ = {isa = PBXFileReference; lastKnownFileType = sourcecode.swift; path = CharacterInfoViewController.swift; sourceTree = "<group>"; };
		B6681F2026DA232800717774 /* CharacterInfoViewModel.swift */ = {isa = PBXFileReference; lastKnownFileType = sourcecode.swift; path = CharacterInfoViewModel.swift; sourceTree = "<group>"; };
		B6681F2626DA6C6600717774 /* HomeViewModelTests.swift */ = {isa = PBXFileReference; lastKnownFileType = sourcecode.swift; path = HomeViewModelTests.swift; sourceTree = "<group>"; };
		B6681F2826DA6F0900717774 /* MovieInfoViewModelTests.swift */ = {isa = PBXFileReference; lastKnownFileType = sourcecode.swift; path = MovieInfoViewModelTests.swift; sourceTree = "<group>"; };
		B6681F2A26DA77AC00717774 /* CharacterInfoViewModelTests.swift */ = {isa = PBXFileReference; lastKnownFileType = sourcecode.swift; path = CharacterInfoViewModelTests.swift; sourceTree = "<group>"; };
		B6D3AB8226D4F8E500C99813 /* TitleTableViewCell.swift */ = {isa = PBXFileReference; lastKnownFileType = sourcecode.swift; path = TitleTableViewCell.swift; sourceTree = "<group>"; };
		B6D3AB8326D4F8E500C99813 /* TitleTableViewCell.xib */ = {isa = PBXFileReference; lastKnownFileType = file.xib; path = TitleTableViewCell.xib; sourceTree = "<group>"; };
		B6D3AB8926D4F9E000C99813 /* ContentTableViewCell.swift */ = {isa = PBXFileReference; lastKnownFileType = sourcecode.swift; path = ContentTableViewCell.swift; sourceTree = "<group>"; };
		B6D3AB8A26D4F9E000C99813 /* ContentTableViewCell.xib */ = {isa = PBXFileReference; lastKnownFileType = file.xib; path = ContentTableViewCell.xib; sourceTree = "<group>"; };
		B6D3AB8D26D4FB1A00C99813 /* CharacterTableViewCell.swift */ = {isa = PBXFileReference; lastKnownFileType = sourcecode.swift; path = CharacterTableViewCell.swift; sourceTree = "<group>"; };
		B6D3AB8F26D51C8B00C99813 /* UITableViewCell+Extensions.swift */ = {isa = PBXFileReference; lastKnownFileType = sourcecode.swift; path = "UITableViewCell+Extensions.swift"; sourceTree = "<group>"; };
		B6FBB72426D2184F008FA327 /* iMovie.app */ = {isa = PBXFileReference; explicitFileType = wrapper.application; includeInIndex = 0; path = iMovie.app; sourceTree = BUILT_PRODUCTS_DIR; };
		B6FBB72726D2184F008FA327 /* AppDelegate.swift */ = {isa = PBXFileReference; lastKnownFileType = sourcecode.swift; path = AppDelegate.swift; sourceTree = "<group>"; };
		B6FBB72926D2184F008FA327 /* SceneDelegate.swift */ = {isa = PBXFileReference; lastKnownFileType = sourcecode.swift; path = SceneDelegate.swift; sourceTree = "<group>"; };
		B6FBB72B26D2184F008FA327 /* HomeViewController.swift */ = {isa = PBXFileReference; lastKnownFileType = sourcecode.swift; path = HomeViewController.swift; sourceTree = "<group>"; };
		B6FBB72E26D2184F008FA327 /* Base */ = {isa = PBXFileReference; lastKnownFileType = file.storyboard; name = Base; path = Base.lproj/Main.storyboard; sourceTree = "<group>"; };
		B6FBB73026D21850008FA327 /* Assets.xcassets */ = {isa = PBXFileReference; lastKnownFileType = folder.assetcatalog; path = Assets.xcassets; sourceTree = "<group>"; };
		B6FBB73326D21850008FA327 /* Base */ = {isa = PBXFileReference; lastKnownFileType = file.storyboard; name = Base; path = Base.lproj/LaunchScreen.storyboard; sourceTree = "<group>"; };
		B6FBB73526D21850008FA327 /* Info.plist */ = {isa = PBXFileReference; lastKnownFileType = text.plist.xml; path = Info.plist; sourceTree = "<group>"; };
		B6FBB73A26D21850008FA327 /* iMovieTests.xctest */ = {isa = PBXFileReference; explicitFileType = wrapper.cfbundle; includeInIndex = 0; path = iMovieTests.xctest; sourceTree = BUILT_PRODUCTS_DIR; };
		B6FBB74026D21850008FA327 /* Info.plist */ = {isa = PBXFileReference; lastKnownFileType = text.plist.xml; path = Info.plist; sourceTree = "<group>"; };
		B6FBB74526D21851008FA327 /* iMovieUITests.xctest */ = {isa = PBXFileReference; explicitFileType = wrapper.cfbundle; includeInIndex = 0; path = iMovieUITests.xctest; sourceTree = BUILT_PRODUCTS_DIR; };
		B6FBB74926D21851008FA327 /* iMovieUITests.swift */ = {isa = PBXFileReference; lastKnownFileType = sourcecode.swift; path = iMovieUITests.swift; sourceTree = "<group>"; };
		B6FBB74B26D21851008FA327 /* Info.plist */ = {isa = PBXFileReference; lastKnownFileType = text.plist.xml; path = Info.plist; sourceTree = "<group>"; };
		B6FBB75E26D21F13008FA327 /* UIHelper.swift */ = {isa = PBXFileReference; lastKnownFileType = sourcecode.swift; path = UIHelper.swift; sourceTree = "<group>"; };
		B6FBB76126D21F39008FA327 /* UIConstants.swift */ = {isa = PBXFileReference; lastKnownFileType = sourcecode.swift; path = UIConstants.swift; sourceTree = "<group>"; };
		B6FBB76326D22002008FA327 /* Error.swift */ = {isa = PBXFileReference; lastKnownFileType = sourcecode.swift; path = Error.swift; sourceTree = "<group>"; };
		B6FBB76726D220AB008FA327 /* ServiceManager.swift */ = {isa = PBXFileReference; lastKnownFileType = sourcecode.swift; path = ServiceManager.swift; sourceTree = "<group>"; };
		B6FBB76A26D220EA008FA327 /* LogManager.swift */ = {isa = PBXFileReference; lastKnownFileType = sourcecode.swift; path = LogManager.swift; sourceTree = "<group>"; };
		B6FBB76C26D2210A008FA327 /* NetworkLayer.swift */ = {isa = PBXFileReference; lastKnownFileType = sourcecode.swift; path = NetworkLayer.swift; sourceTree = "<group>"; };
		B6FBB76E26D221AE008FA327 /* URLConstants.swift */ = {isa = PBXFileReference; lastKnownFileType = sourcecode.swift; path = URLConstants.swift; sourceTree = "<group>"; };
		B6FBB77126D223E1008FA327 /* MoviesReponse.swift */ = {isa = PBXFileReference; lastKnownFileType = sourcecode.swift; path = MoviesReponse.swift; sourceTree = "<group>"; };
		B6FBB77326D224CB008FA327 /* CharacterResponse.swift */ = {isa = PBXFileReference; lastKnownFileType = sourcecode.swift; path = CharacterResponse.swift; sourceTree = "<group>"; };
		B6FBB77526D225A1008FA327 /* TranslationLayer.swift */ = {isa = PBXFileReference; lastKnownFileType = sourcecode.swift; path = TranslationLayer.swift; sourceTree = "<group>"; };
		B6FBB77726D226DE008FA327 /* ModelLayer.swift */ = {isa = PBXFileReference; lastKnownFileType = sourcecode.swift; path = ModelLayer.swift; sourceTree = "<group>"; };
		B6FBB77A26D22B60008FA327 /* HomeViewModel.swift */ = {isa = PBXFileReference; lastKnownFileType = sourcecode.swift; path = HomeViewModel.swift; sourceTree = "<group>"; };
		B6FBB77C26D22BBD008FA327 /* WebServiceTests.swift */ = {isa = PBXFileReference; lastKnownFileType = sourcecode.swift; path = WebServiceTests.swift; sourceTree = "<group>"; };
		B6FBB77F26D24802008FA327 /* MovieTableViewCell.swift */ = {isa = PBXFileReference; lastKnownFileType = sourcecode.swift; path = MovieTableViewCell.swift; sourceTree = "<group>"; };
		B6FBB78026D24802008FA327 /* MovieTableViewCell.xib */ = {isa = PBXFileReference; lastKnownFileType = file.xib; path = MovieTableViewCell.xib; sourceTree = "<group>"; };
		B6FBB78326D24A61008FA327 /* MovieCollectionViewCellViewModel.swift */ = {isa = PBXFileReference; lastKnownFileType = sourcecode.swift; path = MovieCollectionViewCellViewModel.swift; sourceTree = "<group>"; };
		B6FBB78526D24AE7008FA327 /* String+Extensions.swift */ = {isa = PBXFileReference; lastKnownFileType = sourcecode.swift; path = "String+Extensions.swift"; sourceTree = "<group>"; };
		B6FBB78926D26741008FA327 /* MovieInfoViewController.swift */ = {isa = PBXFileReference; lastKnownFileType = sourcecode.swift; path = MovieInfoViewController.swift; sourceTree = "<group>"; };
		B6FBB78B26D267A3008FA327 /* MovieInfoViewModel.swift */ = {isa = PBXFileReference; lastKnownFileType = sourcecode.swift; path = MovieInfoViewModel.swift; sourceTree = "<group>"; };
		B6FBB78E26D27ECD008FA327 /* CharacterCollectionViewCell.swift */ = {isa = PBXFileReference; lastKnownFileType = sourcecode.swift; path = CharacterCollectionViewCell.swift; sourceTree = "<group>"; };
		B6FBB78F26D27ECD008FA327 /* CharacterCollectionViewCell.xib */ = {isa = PBXFileReference; lastKnownFileType = file.xib; path = CharacterCollectionViewCell.xib; sourceTree = "<group>"; };
		BED2D31AF4D33EC7C892BAB2 /* Pods-iMovie-iMovieUITests.debug.xcconfig */ = {isa = PBXFileReference; includeInIndex = 1; lastKnownFileType = text.xcconfig; name = "Pods-iMovie-iMovieUITests.debug.xcconfig"; path = "Target Support Files/Pods-iMovie-iMovieUITests/Pods-iMovie-iMovieUITests.debug.xcconfig"; sourceTree = "<group>"; };
		C131E94F7F7E57E35D4B2940 /* Pods-iMovie.debug.xcconfig */ = {isa = PBXFileReference; includeInIndex = 1; lastKnownFileType = text.xcconfig; name = "Pods-iMovie.debug.xcconfig"; path = "Target Support Files/Pods-iMovie/Pods-iMovie.debug.xcconfig"; sourceTree = "<group>"; };
		C5E93C724B8482B3DA633FDF /* Pods_iMovie.framework */ = {isa = PBXFileReference; explicitFileType = wrapper.framework; includeInIndex = 0; path = Pods_iMovie.framework; sourceTree = BUILT_PRODUCTS_DIR; };
		E268374B1A7EAD13DFDEF32E /* Pods-iMovie.release.xcconfig */ = {isa = PBXFileReference; includeInIndex = 1; lastKnownFileType = text.xcconfig; name = "Pods-iMovie.release.xcconfig"; path = "Target Support Files/Pods-iMovie/Pods-iMovie.release.xcconfig"; sourceTree = "<group>"; };
		F2B4B486D2A25516C79F985B /* Pods-iMovieTests.release.xcconfig */ = {isa = PBXFileReference; includeInIndex = 1; lastKnownFileType = text.xcconfig; name = "Pods-iMovieTests.release.xcconfig"; path = "Target Support Files/Pods-iMovieTests/Pods-iMovieTests.release.xcconfig"; sourceTree = "<group>"; };
/* End PBXFileReference section */

/* Begin PBXFrameworksBuildPhase section */
		B6FBB72126D2184F008FA327 /* Frameworks */ = {
			isa = PBXFrameworksBuildPhase;
			buildActionMask = 2147483647;
			files = (
				F1A6BCD1259CECB431303D9E /* Pods_iMovie.framework in Frameworks */,
			);
			runOnlyForDeploymentPostprocessing = 0;
		};
		B6FBB73726D21850008FA327 /* Frameworks */ = {
			isa = PBXFrameworksBuildPhase;
			buildActionMask = 2147483647;
			files = (
				A6226FA74EC566532DC00574 /* Pods_iMovieTests.framework in Frameworks */,
			);
			runOnlyForDeploymentPostprocessing = 0;
		};
		B6FBB74226D21850008FA327 /* Frameworks */ = {
			isa = PBXFrameworksBuildPhase;
			buildActionMask = 2147483647;
			files = (
				CADF4733A5372EF98FAA240C /* Pods_iMovie_iMovieUITests.framework in Frameworks */,
			);
			runOnlyForDeploymentPostprocessing = 0;
		};
/* End PBXFrameworksBuildPhase section */

/* Begin PBXGroup section */
		30F00BC77A8597A0BCFBED52 /* Frameworks */ = {
			isa = PBXGroup;
			children = (
				C5E93C724B8482B3DA633FDF /* Pods_iMovie.framework */,
				8DF7F4E865ABE6FAE8C0C6A5 /* Pods_iMovie_iMovieUITests.framework */,
				6637B9A65C78DDB9428216DE /* Pods_iMovieTests.framework */,
			);
			name = Frameworks;
			sourceTree = "<group>";
		};
		B6681F1D26DA205A00717774 /* CharacterInfo */ = {
			isa = PBXGroup;
			children = (
				B6681F1E26DA221B00717774 /* CharacterInfoViewController.swift */,
				B6681F2026DA232800717774 /* CharacterInfoViewModel.swift */,
			);
			path = CharacterInfo;
			sourceTree = "<group>";
		};
		B6D3AB8626D4F8EB00C99813 /* Title */ = {
			isa = PBXGroup;
			children = (
				B6D3AB8226D4F8E500C99813 /* TitleTableViewCell.swift */,
				B6D3AB8326D4F8E500C99813 /* TitleTableViewCell.xib */,
			);
			path = Title;
			sourceTree = "<group>";
		};
		B6D3AB8726D4F8F900C99813 /* Character */ = {
			isa = PBXGroup;
			children = (
				B6FBB78E26D27ECD008FA327 /* CharacterCollectionViewCell.swift */,
				B6FBB78F26D27ECD008FA327 /* CharacterCollectionViewCell.xib */,
				B6D3AB8D26D4FB1A00C99813 /* CharacterTableViewCell.swift */,
			);
			path = Character;
			sourceTree = "<group>";
		};
		B6D3AB8826D4F9CC00C99813 /* Content */ = {
			isa = PBXGroup;
			children = (
				B6D3AB8926D4F9E000C99813 /* ContentTableViewCell.swift */,
				B6D3AB8A26D4F9E000C99813 /* ContentTableViewCell.xib */,
			);
			path = Content;
			sourceTree = "<group>";
		};
		B6FBB71B26D2184F008FA327 = {
			isa = PBXGroup;
			children = (
				B6FBB72626D2184F008FA327 /* iMovie */,
				B6FBB73D26D21850008FA327 /* iMovieTests */,
				B6FBB74826D21851008FA327 /* iMovieUITests */,
				B6FBB72526D2184F008FA327 /* Products */,
				DA58434F492563230720CAB3 /* Pods */,
				30F00BC77A8597A0BCFBED52 /* Frameworks */,
			);
			sourceTree = "<group>";
		};
		B6FBB72526D2184F008FA327 /* Products */ = {
			isa = PBXGroup;
			children = (
				B6FBB72426D2184F008FA327 /* iMovie.app */,
				B6FBB73A26D21850008FA327 /* iMovieTests.xctest */,
				B6FBB74526D21851008FA327 /* iMovieUITests.xctest */,
			);
			name = Products;
			sourceTree = "<group>";
		};
		B6FBB72626D2184F008FA327 /* iMovie */ = {
			isa = PBXGroup;
			children = (
				B6FBB76926D220DB008FA327 /* Managers */,
				B6FBB76026D21F28008FA327 /* Constants */,
				B6FBB75D26D21EB7008FA327 /* UI */,
				B6FBB75C26D21EB2008FA327 /* Model */,
				B6FBB75B26D21EAB008FA327 /* Extensions */,
				B6FBB75A26D21E9F008FA327 /* Translation */,
				B6FBB75926D21E94008FA327 /* Network */,
				B6FBB75826D21E88008FA327 /* Helpers */,
				B6FBB75726D21E1C008FA327 /* SupportingFiles */,
			);
			path = iMovie;
			sourceTree = "<group>";
		};
		B6FBB73D26D21850008FA327 /* iMovieTests */ = {
			isa = PBXGroup;
			children = (
				B6FBB74026D21850008FA327 /* Info.plist */,
				B6FBB77C26D22BBD008FA327 /* WebServiceTests.swift */,
				B6681F2626DA6C6600717774 /* HomeViewModelTests.swift */,
				B6681F2826DA6F0900717774 /* MovieInfoViewModelTests.swift */,
				B6681F2A26DA77AC00717774 /* CharacterInfoViewModelTests.swift */,
			);
			path = iMovieTests;
			sourceTree = "<group>";
		};
		B6FBB74826D21851008FA327 /* iMovieUITests */ = {
			isa = PBXGroup;
			children = (
				B6FBB74926D21851008FA327 /* iMovieUITests.swift */,
				B6FBB74B26D21851008FA327 /* Info.plist */,
			);
			path = iMovieUITests;
			sourceTree = "<group>";
		};
		B6FBB75726D21E1C008FA327 /* SupportingFiles */ = {
			isa = PBXGroup;
			children = (
				B6FBB72726D2184F008FA327 /* AppDelegate.swift */,
				B6FBB72926D2184F008FA327 /* SceneDelegate.swift */,
				B6FBB73026D21850008FA327 /* Assets.xcassets */,
				B6FBB73526D21850008FA327 /* Info.plist */,
			);
			path = SupportingFiles;
			sourceTree = "<group>";
		};
		B6FBB75826D21E88008FA327 /* Helpers */ = {
			isa = PBXGroup;
			children = (
				B6FBB75E26D21F13008FA327 /* UIHelper.swift */,
			);
			path = Helpers;
			sourceTree = "<group>";
		};
		B6FBB75926D21E94008FA327 /* Network */ = {
			isa = PBXGroup;
			children = (
				B6FBB76726D220AB008FA327 /* ServiceManager.swift */,
				B6FBB76C26D2210A008FA327 /* NetworkLayer.swift */,
			);
			path = Network;
			sourceTree = "<group>";
		};
		B6FBB75A26D21E9F008FA327 /* Translation */ = {
			isa = PBXGroup;
			children = (
				B6FBB77526D225A1008FA327 /* TranslationLayer.swift */,
			);
			path = Translation;
			sourceTree = "<group>";
		};
		B6FBB75B26D21EAB008FA327 /* Extensions */ = {
			isa = PBXGroup;
			children = (
				B6FBB78526D24AE7008FA327 /* String+Extensions.swift */,
				B6D3AB8F26D51C8B00C99813 /* UITableViewCell+Extensions.swift */,
			);
			path = Extensions;
			sourceTree = "<group>";
		};
		B6FBB75C26D21EB2008FA327 /* Model */ = {
			isa = PBXGroup;
			children = (
				B6FBB77026D223CF008FA327 /* Responses */,
				B6FBB76326D22002008FA327 /* Error.swift */,
				B6FBB77726D226DE008FA327 /* ModelLayer.swift */,
			);
			path = Model;
			sourceTree = "<group>";
		};
		B6FBB75D26D21EB7008FA327 /* UI */ = {
			isa = PBXGroup;
			children = (
				B6681F1D26DA205A00717774 /* CharacterInfo */,
				B6FBB78826D26725008FA327 /* MovieInfo */,
				B6FBB77926D22B55008FA327 /* Home */,
				B6FBB72D26D2184F008FA327 /* Main.storyboard */,
				B6FBB73226D21850008FA327 /* LaunchScreen.storyboard */,
			);
			path = UI;
			sourceTree = "<group>";
		};
		B6FBB76026D21F28008FA327 /* Constants */ = {
			isa = PBXGroup;
			children = (
				B6FBB76126D21F39008FA327 /* UIConstants.swift */,
				B6FBB76E26D221AE008FA327 /* URLConstants.swift */,
			);
			path = Constants;
			sourceTree = "<group>";
		};
		B6FBB76926D220DB008FA327 /* Managers */ = {
			isa = PBXGroup;
			children = (
				B6FBB76A26D220EA008FA327 /* LogManager.swift */,
			);
			path = Managers;
			sourceTree = "<group>";
		};
		B6FBB77026D223CF008FA327 /* Responses */ = {
			isa = PBXGroup;
			children = (
				B6FBB77126D223E1008FA327 /* MoviesReponse.swift */,
				B6FBB77326D224CB008FA327 /* CharacterResponse.swift */,
			);
			path = Responses;
			sourceTree = "<group>";
		};
		B6FBB77926D22B55008FA327 /* Home */ = {
			isa = PBXGroup;
			children = (
				B6FBB77E26D247C1008FA327 /* Cells */,
				B6FBB72B26D2184F008FA327 /* HomeViewController.swift */,
				B6FBB77A26D22B60008FA327 /* HomeViewModel.swift */,
			);
			path = Home;
			sourceTree = "<group>";
		};
		B6FBB77E26D247C1008FA327 /* Cells */ = {
			isa = PBXGroup;
			children = (
				B6FBB77F26D24802008FA327 /* MovieTableViewCell.swift */,
				B6FBB78026D24802008FA327 /* MovieTableViewCell.xib */,
				B6FBB78326D24A61008FA327 /* MovieCollectionViewCellViewModel.swift */,
			);
			path = Cells;
			sourceTree = "<group>";
		};
		B6FBB78826D26725008FA327 /* MovieInfo */ = {
			isa = PBXGroup;
			children = (
				B6FBB78D26D27EB7008FA327 /* Cell */,
				B6FBB78926D26741008FA327 /* MovieInfoViewController.swift */,
				B6FBB78B26D267A3008FA327 /* MovieInfoViewModel.swift */,
			);
			path = MovieInfo;
			sourceTree = "<group>";
		};
		B6FBB78D26D27EB7008FA327 /* Cell */ = {
			isa = PBXGroup;
			children = (
				B6D3AB8826D4F9CC00C99813 /* Content */,
				B6D3AB8726D4F8F900C99813 /* Character */,
				B6D3AB8626D4F8EB00C99813 /* Title */,
			);
			path = Cell;
			sourceTree = "<group>";
		};
		DA58434F492563230720CAB3 /* Pods */ = {
			isa = PBXGroup;
			children = (
				C131E94F7F7E57E35D4B2940 /* Pods-iMovie.debug.xcconfig */,
				E268374B1A7EAD13DFDEF32E /* Pods-iMovie.release.xcconfig */,
				BED2D31AF4D33EC7C892BAB2 /* Pods-iMovie-iMovieUITests.debug.xcconfig */,
				426FB4CAB6ADC980CE5A7552 /* Pods-iMovie-iMovieUITests.release.xcconfig */,
				14049270C558A94D88DEB02B /* Pods-iMovieTests.debug.xcconfig */,
				F2B4B486D2A25516C79F985B /* Pods-iMovieTests.release.xcconfig */,
			);
			path = Pods;
			sourceTree = "<group>";
		};
/* End PBXGroup section */

/* Begin PBXNativeTarget section */
		B6FBB72326D2184F008FA327 /* iMovie */ = {
			isa = PBXNativeTarget;
			buildConfigurationList = B6FBB74E26D21851008FA327 /* Build configuration list for PBXNativeTarget "iMovie" */;
			buildPhases = (
				7D02C18FAC8C6690F54CE82A /* [CP] Check Pods Manifest.lock */,
				B6FBB72026D2184F008FA327 /* Sources */,
				B6FBB72126D2184F008FA327 /* Frameworks */,
				B6FBB72226D2184F008FA327 /* Resources */,
				3C08722CA817BF2B4DE7CD3B /* [CP] Embed Pods Frameworks */,
			);
			buildRules = (
			);
			dependencies = (
			);
			name = iMovie;
			productName = iMovie;
			productReference = B6FBB72426D2184F008FA327 /* iMovie.app */;
			productType = "com.apple.product-type.application";
		};
		B6FBB73926D21850008FA327 /* iMovieTests */ = {
			isa = PBXNativeTarget;
			buildConfigurationList = B6FBB75126D21851008FA327 /* Build configuration list for PBXNativeTarget "iMovieTests" */;
			buildPhases = (
				9E74D9A4968A1DEEBD28477D /* [CP] Check Pods Manifest.lock */,
				B6FBB73626D21850008FA327 /* Sources */,
				B6FBB73726D21850008FA327 /* Frameworks */,
				B6FBB73826D21850008FA327 /* Resources */,
			);
			buildRules = (
			);
			dependencies = (
				B6FBB73C26D21850008FA327 /* PBXTargetDependency */,
			);
			name = iMovieTests;
			productName = iMovieTests;
			productReference = B6FBB73A26D21850008FA327 /* iMovieTests.xctest */;
			productType = "com.apple.product-type.bundle.unit-test";
		};
		B6FBB74426D21850008FA327 /* iMovieUITests */ = {
			isa = PBXNativeTarget;
			buildConfigurationList = B6FBB75426D21851008FA327 /* Build configuration list for PBXNativeTarget "iMovieUITests" */;
			buildPhases = (
				19C3895DB477D1C72FED99F5 /* [CP] Check Pods Manifest.lock */,
				B6FBB74126D21850008FA327 /* Sources */,
				B6FBB74226D21850008FA327 /* Frameworks */,
				B6FBB74326D21850008FA327 /* Resources */,
				8FA4D71F08C68C982DBA182A /* [CP] Embed Pods Frameworks */,
			);
			buildRules = (
			);
			dependencies = (
				B6FBB74726D21851008FA327 /* PBXTargetDependency */,
			);
			name = iMovieUITests;
			productName = iMovieUITests;
			productReference = B6FBB74526D21851008FA327 /* iMovieUITests.xctest */;
			productType = "com.apple.product-type.bundle.ui-testing";
		};
/* End PBXNativeTarget section */

/* Begin PBXProject section */
		B6FBB71C26D2184F008FA327 /* Project object */ = {
			isa = PBXProject;
			attributes = {
				LastSwiftUpdateCheck = 1250;
				LastUpgradeCheck = 1250;
				TargetAttributes = {
					B6FBB72326D2184F008FA327 = {
						CreatedOnToolsVersion = 12.5.1;
					};
					B6FBB73926D21850008FA327 = {
						CreatedOnToolsVersion = 12.5.1;
						TestTargetID = B6FBB72326D2184F008FA327;
					};
					B6FBB74426D21850008FA327 = {
						CreatedOnToolsVersion = 12.5.1;
						TestTargetID = B6FBB72326D2184F008FA327;
					};
				};
			};
			buildConfigurationList = B6FBB71F26D2184F008FA327 /* Build configuration list for PBXProject "iMovie" */;
			compatibilityVersion = "Xcode 12.0";
			developmentRegion = en;
			hasScannedForEncodings = 0;
			knownRegions = (
				en,
				Base,
			);
			mainGroup = B6FBB71B26D2184F008FA327;
			productRefGroup = B6FBB72526D2184F008FA327 /* Products */;
			projectDirPath = "";
			projectRoot = "";
			targets = (
				B6FBB72326D2184F008FA327 /* iMovie */,
				B6FBB73926D21850008FA327 /* iMovieTests */,
				B6FBB74426D21850008FA327 /* iMovieUITests */,
			);
		};
/* End PBXProject section */

/* Begin PBXResourcesBuildPhase section */
		B6FBB72226D2184F008FA327 /* Resources */ = {
			isa = PBXResourcesBuildPhase;
			buildActionMask = 2147483647;
			files = (
				B6D3AB8526D4F8E600C99813 /* TitleTableViewCell.xib in Resources */,
				B6D3AB8C26D4F9E000C99813 /* ContentTableViewCell.xib in Resources */,
				B6FBB78726D25F82008FA327 /* MovieTableViewCell.xib in Resources */,
				B6FBB73426D21850008FA327 /* LaunchScreen.storyboard in Resources */,
				B6FBB73126D21850008FA327 /* Assets.xcassets in Resources */,
				B6FBB79126D27ECD008FA327 /* CharacterCollectionViewCell.xib in Resources */,
				B6FBB72F26D2184F008FA327 /* Main.storyboard in Resources */,
			);
			runOnlyForDeploymentPostprocessing = 0;
		};
		B6FBB73826D21850008FA327 /* Resources */ = {
			isa = PBXResourcesBuildPhase;
			buildActionMask = 2147483647;
			files = (
			);
			runOnlyForDeploymentPostprocessing = 0;
		};
		B6FBB74326D21850008FA327 /* Resources */ = {
			isa = PBXResourcesBuildPhase;
			buildActionMask = 2147483647;
			files = (
			);
			runOnlyForDeploymentPostprocessing = 0;
		};
/* End PBXResourcesBuildPhase section */

/* Begin PBXShellScriptBuildPhase section */
		19C3895DB477D1C72FED99F5 /* [CP] Check Pods Manifest.lock */ = {
			isa = PBXShellScriptBuildPhase;
			buildActionMask = 2147483647;
			files = (
			);
			inputFileListPaths = (
			);
			inputPaths = (
				"${PODS_PODFILE_DIR_PATH}/Podfile.lock",
				"${PODS_ROOT}/Manifest.lock",
			);
			name = "[CP] Check Pods Manifest.lock";
			outputFileListPaths = (
			);
			outputPaths = (
				"$(DERIVED_FILE_DIR)/Pods-iMovie-iMovieUITests-checkManifestLockResult.txt",
			);
			runOnlyForDeploymentPostprocessing = 0;
			shellPath = /bin/sh;
			shellScript = "diff \"${PODS_PODFILE_DIR_PATH}/Podfile.lock\" \"${PODS_ROOT}/Manifest.lock\" > /dev/null\nif [ $? != 0 ] ; then\n    # print error to STDERR\n    echo \"error: The sandbox is not in sync with the Podfile.lock. Run 'pod install' or update your CocoaPods installation.\" >&2\n    exit 1\nfi\n# This output is used by Xcode 'outputs' to avoid re-running this script phase.\necho \"SUCCESS\" > \"${SCRIPT_OUTPUT_FILE_0}\"\n";
			showEnvVarsInLog = 0;
		};
		3C08722CA817BF2B4DE7CD3B /* [CP] Embed Pods Frameworks */ = {
			isa = PBXShellScriptBuildPhase;
			buildActionMask = 2147483647;
			files = (
			);
			inputFileListPaths = (
				"${PODS_ROOT}/Target Support Files/Pods-iMovie/Pods-iMovie-frameworks-${CONFIGURATION}-input-files.xcfilelist",
			);
			name = "[CP] Embed Pods Frameworks";
			outputFileListPaths = (
				"${PODS_ROOT}/Target Support Files/Pods-iMovie/Pods-iMovie-frameworks-${CONFIGURATION}-output-files.xcfilelist",
			);
			runOnlyForDeploymentPostprocessing = 0;
			shellPath = /bin/sh;
			shellScript = "\"${PODS_ROOT}/Target Support Files/Pods-iMovie/Pods-iMovie-frameworks.sh\"\n";
			showEnvVarsInLog = 0;
		};
		7D02C18FAC8C6690F54CE82A /* [CP] Check Pods Manifest.lock */ = {
			isa = PBXShellScriptBuildPhase;
			buildActionMask = 2147483647;
			files = (
			);
			inputFileListPaths = (
			);
			inputPaths = (
				"${PODS_PODFILE_DIR_PATH}/Podfile.lock",
				"${PODS_ROOT}/Manifest.lock",
			);
			name = "[CP] Check Pods Manifest.lock";
			outputFileListPaths = (
			);
			outputPaths = (
				"$(DERIVED_FILE_DIR)/Pods-iMovie-checkManifestLockResult.txt",
			);
			runOnlyForDeploymentPostprocessing = 0;
			shellPath = /bin/sh;
			shellScript = "diff \"${PODS_PODFILE_DIR_PATH}/Podfile.lock\" \"${PODS_ROOT}/Manifest.lock\" > /dev/null\nif [ $? != 0 ] ; then\n    # print error to STDERR\n    echo \"error: The sandbox is not in sync with the Podfile.lock. Run 'pod install' or update your CocoaPods installation.\" >&2\n    exit 1\nfi\n# This output is used by Xcode 'outputs' to avoid re-running this script phase.\necho \"SUCCESS\" > \"${SCRIPT_OUTPUT_FILE_0}\"\n";
			showEnvVarsInLog = 0;
		};
		8FA4D71F08C68C982DBA182A /* [CP] Embed Pods Frameworks */ = {
			isa = PBXShellScriptBuildPhase;
			buildActionMask = 2147483647;
			files = (
			);
			inputFileListPaths = (
				"${PODS_ROOT}/Target Support Files/Pods-iMovie-iMovieUITests/Pods-iMovie-iMovieUITests-frameworks-${CONFIGURATION}-input-files.xcfilelist",
			);
			name = "[CP] Embed Pods Frameworks";
			outputFileListPaths = (
				"${PODS_ROOT}/Target Support Files/Pods-iMovie-iMovieUITests/Pods-iMovie-iMovieUITests-frameworks-${CONFIGURATION}-output-files.xcfilelist",
			);
			runOnlyForDeploymentPostprocessing = 0;
			shellPath = /bin/sh;
			shellScript = "\"${PODS_ROOT}/Target Support Files/Pods-iMovie-iMovieUITests/Pods-iMovie-iMovieUITests-frameworks.sh\"\n";
			showEnvVarsInLog = 0;
		};
		9E74D9A4968A1DEEBD28477D /* [CP] Check Pods Manifest.lock */ = {
			isa = PBXShellScriptBuildPhase;
			buildActionMask = 2147483647;
			files = (
			);
			inputFileListPaths = (
			);
			inputPaths = (
				"${PODS_PODFILE_DIR_PATH}/Podfile.lock",
				"${PODS_ROOT}/Manifest.lock",
			);
			name = "[CP] Check Pods Manifest.lock";
			outputFileListPaths = (
			);
			outputPaths = (
				"$(DERIVED_FILE_DIR)/Pods-iMovieTests-checkManifestLockResult.txt",
			);
			runOnlyForDeploymentPostprocessing = 0;
			shellPath = /bin/sh;
			shellScript = "diff \"${PODS_PODFILE_DIR_PATH}/Podfile.lock\" \"${PODS_ROOT}/Manifest.lock\" > /dev/null\nif [ $? != 0 ] ; then\n    # print error to STDERR\n    echo \"error: The sandbox is not in sync with the Podfile.lock. Run 'pod install' or update your CocoaPods installation.\" >&2\n    exit 1\nfi\n# This output is used by Xcode 'outputs' to avoid re-running this script phase.\necho \"SUCCESS\" > \"${SCRIPT_OUTPUT_FILE_0}\"\n";
			showEnvVarsInLog = 0;
		};
/* End PBXShellScriptBuildPhase section */

/* Begin PBXSourcesBuildPhase section */
		B6FBB72026D2184F008FA327 /* Sources */ = {
			isa = PBXSourcesBuildPhase;
			buildActionMask = 2147483647;
			files = (
				B6FBB78126D24802008FA327 /* MovieTableViewCell.swift in Sources */,
				B6681F1F26DA221B00717774 /* CharacterInfoViewController.swift in Sources */,
				B6D3AB8E26D4FB1A00C99813 /* CharacterTableViewCell.swift in Sources */,
				B6FBB76B26D220EA008FA327 /* LogManager.swift in Sources */,
				B6FBB72C26D2184F008FA327 /* HomeViewController.swift in Sources */,
				B6FBB72826D2184F008FA327 /* AppDelegate.swift in Sources */,
				B6FBB78426D24A61008FA327 /* MovieCollectionViewCellViewModel.swift in Sources */,
				B6FBB77B26D22B60008FA327 /* HomeViewModel.swift in Sources */,
				B6FBB76826D220AB008FA327 /* ServiceManager.swift in Sources */,
				B6FBB77626D225A1008FA327 /* TranslationLayer.swift in Sources */,
				B6FBB76226D21F39008FA327 /* UIConstants.swift in Sources */,
				B6FBB72A26D2184F008FA327 /* SceneDelegate.swift in Sources */,
				B6FBB78A26D26741008FA327 /* MovieInfoViewController.swift in Sources */,
				B6FBB76426D22002008FA327 /* Error.swift in Sources */,
				B6FBB76F26D221AE008FA327 /* URLConstants.swift in Sources */,
				B6FBB78626D24AE7008FA327 /* String+Extensions.swift in Sources */,
				B6D3AB8426D4F8E600C99813 /* TitleTableViewCell.swift in Sources */,
				B6FBB78C26D267A3008FA327 /* MovieInfoViewModel.swift in Sources */,
				B6FBB77826D226DE008FA327 /* ModelLayer.swift in Sources */,
				B6681F2126DA232800717774 /* CharacterInfoViewModel.swift in Sources */,
				B6FBB77226D223E1008FA327 /* MoviesReponse.swift in Sources */,
				B6FBB76D26D2210A008FA327 /* NetworkLayer.swift in Sources */,
				B6FBB75F26D21F13008FA327 /* UIHelper.swift in Sources */,
				B6D3AB9026D51C8B00C99813 /* UITableViewCell+Extensions.swift in Sources */,
				B6FBB79026D27ECD008FA327 /* CharacterCollectionViewCell.swift in Sources */,
				B6FBB77426D224CB008FA327 /* CharacterResponse.swift in Sources */,
				B6D3AB8B26D4F9E000C99813 /* ContentTableViewCell.swift in Sources */,
			);
			runOnlyForDeploymentPostprocessing = 0;
		};
		B6FBB73626D21850008FA327 /* Sources */ = {
			isa = PBXSourcesBuildPhase;
			buildActionMask = 2147483647;
			files = (
				B6681F2B26DA77AC00717774 /* CharacterInfoViewModelTests.swift in Sources */,
				B6FBB77D26D22BBD008FA327 /* WebServiceTests.swift in Sources */,
				B6681F2926DA6F0900717774 /* MovieInfoViewModelTests.swift in Sources */,
				B6681F2726DA6C6600717774 /* HomeViewModelTests.swift in Sources */,
			);
			runOnlyForDeploymentPostprocessing = 0;
		};
		B6FBB74126D21850008FA327 /* Sources */ = {
			isa = PBXSourcesBuildPhase;
			buildActionMask = 2147483647;
			files = (
				B6FBB74A26D21851008FA327 /* iMovieUITests.swift in Sources */,
			);
			runOnlyForDeploymentPostprocessing = 0;
		};
/* End PBXSourcesBuildPhase section */

/* Begin PBXTargetDependency section */
		B6FBB73C26D21850008FA327 /* PBXTargetDependency */ = {
			isa = PBXTargetDependency;
			target = B6FBB72326D2184F008FA327 /* iMovie */;
			targetProxy = B6FBB73B26D21850008FA327 /* PBXContainerItemProxy */;
		};
		B6FBB74726D21851008FA327 /* PBXTargetDependency */ = {
			isa = PBXTargetDependency;
			target = B6FBB72326D2184F008FA327 /* iMovie */;
			targetProxy = B6FBB74626D21851008FA327 /* PBXContainerItemProxy */;
		};
/* End PBXTargetDependency section */

/* Begin PBXVariantGroup section */
		B6FBB72D26D2184F008FA327 /* Main.storyboard */ = {
			isa = PBXVariantGroup;
			children = (
				B6FBB72E26D2184F008FA327 /* Base */,
			);
			name = Main.storyboard;
			sourceTree = "<group>";
		};
		B6FBB73226D21850008FA327 /* LaunchScreen.storyboard */ = {
			isa = PBXVariantGroup;
			children = (
				B6FBB73326D21850008FA327 /* Base */,
			);
			name = LaunchScreen.storyboard;
			sourceTree = "<group>";
		};
/* End PBXVariantGroup section */

/* Begin XCBuildConfiguration section */
		B6FBB74C26D21851008FA327 /* Debug */ = {
			isa = XCBuildConfiguration;
			buildSettings = {
				ALWAYS_SEARCH_USER_PATHS = NO;
				CLANG_ANALYZER_NONNULL = YES;
				CLANG_ANALYZER_NUMBER_OBJECT_CONVERSION = YES_AGGRESSIVE;
				CLANG_CXX_LANGUAGE_STANDARD = "gnu++14";
				CLANG_CXX_LIBRARY = "libc++";
				CLANG_ENABLE_MODULES = YES;
				CLANG_ENABLE_OBJC_ARC = YES;
				CLANG_ENABLE_OBJC_WEAK = YES;
				CLANG_WARN_BLOCK_CAPTURE_AUTORELEASING = YES;
				CLANG_WARN_BOOL_CONVERSION = YES;
				CLANG_WARN_COMMA = YES;
				CLANG_WARN_CONSTANT_CONVERSION = YES;
				CLANG_WARN_DEPRECATED_OBJC_IMPLEMENTATIONS = YES;
				CLANG_WARN_DIRECT_OBJC_ISA_USAGE = YES_ERROR;
				CLANG_WARN_DOCUMENTATION_COMMENTS = YES;
				CLANG_WARN_EMPTY_BODY = YES;
				CLANG_WARN_ENUM_CONVERSION = YES;
				CLANG_WARN_INFINITE_RECURSION = YES;
				CLANG_WARN_INT_CONVERSION = YES;
				CLANG_WARN_NON_LITERAL_NULL_CONVERSION = YES;
				CLANG_WARN_OBJC_IMPLICIT_RETAIN_SELF = YES;
				CLANG_WARN_OBJC_LITERAL_CONVERSION = YES;
				CLANG_WARN_OBJC_ROOT_CLASS = YES_ERROR;
				CLANG_WARN_QUOTED_INCLUDE_IN_FRAMEWORK_HEADER = YES;
				CLANG_WARN_RANGE_LOOP_ANALYSIS = YES;
				CLANG_WARN_STRICT_PROTOTYPES = YES;
				CLANG_WARN_SUSPICIOUS_MOVE = YES;
				CLANG_WARN_UNGUARDED_AVAILABILITY = YES_AGGRESSIVE;
				CLANG_WARN_UNREACHABLE_CODE = YES;
				CLANG_WARN__DUPLICATE_METHOD_MATCH = YES;
				COPY_PHASE_STRIP = NO;
				DEBUG_INFORMATION_FORMAT = dwarf;
				ENABLE_STRICT_OBJC_MSGSEND = YES;
				ENABLE_TESTABILITY = YES;
				GCC_C_LANGUAGE_STANDARD = gnu11;
				GCC_DYNAMIC_NO_PIC = NO;
				GCC_NO_COMMON_BLOCKS = YES;
				GCC_OPTIMIZATION_LEVEL = 0;
				GCC_PREPROCESSOR_DEFINITIONS = (
					"DEBUG=1",
					"$(inherited)",
				);
				GCC_WARN_64_TO_32_BIT_CONVERSION = YES;
				GCC_WARN_ABOUT_RETURN_TYPE = YES_ERROR;
				GCC_WARN_UNDECLARED_SELECTOR = YES;
				GCC_WARN_UNINITIALIZED_AUTOS = YES_AGGRESSIVE;
				GCC_WARN_UNUSED_FUNCTION = YES;
				GCC_WARN_UNUSED_VARIABLE = YES;
				IPHONEOS_DEPLOYMENT_TARGET = 14.1;
				MTL_ENABLE_DEBUG_INFO = INCLUDE_SOURCE;
				MTL_FAST_MATH = YES;
				ONLY_ACTIVE_ARCH = YES;
				SDKROOT = iphoneos;
				SWIFT_ACTIVE_COMPILATION_CONDITIONS = DEBUG;
				SWIFT_OPTIMIZATION_LEVEL = "-Onone";
			};
			name = Debug;
		};
		B6FBB74D26D21851008FA327 /* Release */ = {
			isa = XCBuildConfiguration;
			buildSettings = {
				ALWAYS_SEARCH_USER_PATHS = NO;
				CLANG_ANALYZER_NONNULL = YES;
				CLANG_ANALYZER_NUMBER_OBJECT_CONVERSION = YES_AGGRESSIVE;
				CLANG_CXX_LANGUAGE_STANDARD = "gnu++14";
				CLANG_CXX_LIBRARY = "libc++";
				CLANG_ENABLE_MODULES = YES;
				CLANG_ENABLE_OBJC_ARC = YES;
				CLANG_ENABLE_OBJC_WEAK = YES;
				CLANG_WARN_BLOCK_CAPTURE_AUTORELEASING = YES;
				CLANG_WARN_BOOL_CONVERSION = YES;
				CLANG_WARN_COMMA = YES;
				CLANG_WARN_CONSTANT_CONVERSION = YES;
				CLANG_WARN_DEPRECATED_OBJC_IMPLEMENTATIONS = YES;
				CLANG_WARN_DIRECT_OBJC_ISA_USAGE = YES_ERROR;
				CLANG_WARN_DOCUMENTATION_COMMENTS = YES;
				CLANG_WARN_EMPTY_BODY = YES;
				CLANG_WARN_ENUM_CONVERSION = YES;
				CLANG_WARN_INFINITE_RECURSION = YES;
				CLANG_WARN_INT_CONVERSION = YES;
				CLANG_WARN_NON_LITERAL_NULL_CONVERSION = YES;
				CLANG_WARN_OBJC_IMPLICIT_RETAIN_SELF = YES;
				CLANG_WARN_OBJC_LITERAL_CONVERSION = YES;
				CLANG_WARN_OBJC_ROOT_CLASS = YES_ERROR;
				CLANG_WARN_QUOTED_INCLUDE_IN_FRAMEWORK_HEADER = YES;
				CLANG_WARN_RANGE_LOOP_ANALYSIS = YES;
				CLANG_WARN_STRICT_PROTOTYPES = YES;
				CLANG_WARN_SUSPICIOUS_MOVE = YES;
				CLANG_WARN_UNGUARDED_AVAILABILITY = YES_AGGRESSIVE;
				CLANG_WARN_UNREACHABLE_CODE = YES;
				CLANG_WARN__DUPLICATE_METHOD_MATCH = YES;
				COPY_PHASE_STRIP = NO;
				DEBUG_INFORMATION_FORMAT = "dwarf-with-dsym";
				ENABLE_NS_ASSERTIONS = NO;
				ENABLE_STRICT_OBJC_MSGSEND = YES;
				GCC_C_LANGUAGE_STANDARD = gnu11;
				GCC_NO_COMMON_BLOCKS = YES;
				GCC_WARN_64_TO_32_BIT_CONVERSION = YES;
				GCC_WARN_ABOUT_RETURN_TYPE = YES_ERROR;
				GCC_WARN_UNDECLARED_SELECTOR = YES;
				GCC_WARN_UNINITIALIZED_AUTOS = YES_AGGRESSIVE;
				GCC_WARN_UNUSED_FUNCTION = YES;
				GCC_WARN_UNUSED_VARIABLE = YES;
				IPHONEOS_DEPLOYMENT_TARGET = 14.1;
				MTL_ENABLE_DEBUG_INFO = NO;
				MTL_FAST_MATH = YES;
				SDKROOT = iphoneos;
				SWIFT_COMPILATION_MODE = wholemodule;
				SWIFT_OPTIMIZATION_LEVEL = "-O";
				VALIDATE_PRODUCT = YES;
			};
			name = Release;
		};
		B6FBB74F26D21851008FA327 /* Debug */ = {
			isa = XCBuildConfiguration;
			baseConfigurationReference = C131E94F7F7E57E35D4B2940 /* Pods-iMovie.debug.xcconfig */;
			buildSettings = {
				ASSETCATALOG_COMPILER_APPICON_NAME = AppIcon;
				ASSETCATALOG_COMPILER_GLOBAL_ACCENT_COLOR_NAME = AccentColor;
				CODE_SIGN_STYLE = Automatic;
				DEVELOPMENT_TEAM = R3GW2NEGBJ;
				INFOPLIST_FILE = iMovie/SupportingFiles/Info.plist;
				IPHONEOS_DEPLOYMENT_TARGET = 14.1;
				LD_RUNPATH_SEARCH_PATHS = (
					"$(inherited)",
					"@executable_path/Frameworks",
				);
				PRODUCT_BUNDLE_IDENTIFIER = com.korona.iMovie;
				PRODUCT_NAME = "$(TARGET_NAME)";
				SWIFT_VERSION = 5.0;
				TARGETED_DEVICE_FAMILY = 1;
			};
			name = Debug;
		};
		B6FBB75026D21851008FA327 /* Release */ = {
			isa = XCBuildConfiguration;
			baseConfigurationReference = E268374B1A7EAD13DFDEF32E /* Pods-iMovie.release.xcconfig */;
			buildSettings = {
				ASSETCATALOG_COMPILER_APPICON_NAME = AppIcon;
				ASSETCATALOG_COMPILER_GLOBAL_ACCENT_COLOR_NAME = AccentColor;
				CODE_SIGN_STYLE = Automatic;
				DEVELOPMENT_TEAM = R3GW2NEGBJ;
				INFOPLIST_FILE = iMovie/SupportingFiles/Info.plist;
				IPHONEOS_DEPLOYMENT_TARGET = 14.1;
				LD_RUNPATH_SEARCH_PATHS = (
					"$(inherited)",
					"@executable_path/Frameworks",
				);
				PRODUCT_BUNDLE_IDENTIFIER = com.korona.iMovie;
				PRODUCT_NAME = "$(TARGET_NAME)";
				SWIFT_VERSION = 5.0;
				TARGETED_DEVICE_FAMILY = 1;
			};
			name = Release;
		};
		B6FBB75226D21851008FA327 /* Debug */ = {
			isa = XCBuildConfiguration;
			baseConfigurationReference = 14049270C558A94D88DEB02B /* Pods-iMovieTests.debug.xcconfig */;
			buildSettings = {
				ALWAYS_EMBED_SWIFT_STANDARD_LIBRARIES = YES;
				BUNDLE_LOADER = "$(TEST_HOST)";
				CODE_SIGN_STYLE = Automatic;
				DEVELOPMENT_TEAM = R3GW2NEGBJ;
				INFOPLIST_FILE = iMovieTests/Info.plist;
				IPHONEOS_DEPLOYMENT_TARGET = 14.5;
				LD_RUNPATH_SEARCH_PATHS = (
					"$(inherited)",
					"@executable_path/Frameworks",
					"@loader_path/Frameworks",
				);
				PRODUCT_BUNDLE_IDENTIFIER = com.korona.iMovieTests;
				PRODUCT_NAME = "$(TARGET_NAME)";
				SWIFT_VERSION = 5.0;
				TARGETED_DEVICE_FAMILY = "1,2";
				TEST_HOST = "$(BUILT_PRODUCTS_DIR)/iMovie.app/iMovie";
			};
			name = Debug;
		};
		B6FBB75326D21851008FA327 /* Release */ = {
			isa = XCBuildConfiguration;
			baseConfigurationReference = F2B4B486D2A25516C79F985B /* Pods-iMovieTests.release.xcconfig */;
			buildSettings = {
				ALWAYS_EMBED_SWIFT_STANDARD_LIBRARIES = YES;
				BUNDLE_LOADER = "$(TEST_HOST)";
				CODE_SIGN_STYLE = Automatic;
				DEVELOPMENT_TEAM = R3GW2NEGBJ;
				INFOPLIST_FILE = iMovieTests/Info.plist;
				IPHONEOS_DEPLOYMENT_TARGET = 14.5;
				LD_RUNPATH_SEARCH_PATHS = (
					"$(inherited)",
					"@executable_path/Frameworks",
					"@loader_path/Frameworks",
				);
				PRODUCT_BUNDLE_IDENTIFIER = com.korona.iMovieTests;
				PRODUCT_NAME = "$(TARGET_NAME)";
				SWIFT_VERSION = 5.0;
				TARGETED_DEVICE_FAMILY = "1,2";
				TEST_HOST = "$(BUILT_PRODUCTS_DIR)/iMovie.app/iMovie";
			};
			name = Release;
		};
		B6FBB75526D21851008FA327 /* Debug */ = {
			isa = XCBuildConfiguration;
			baseConfigurationReference = BED2D31AF4D33EC7C892BAB2 /* Pods-iMovie-iMovieUITests.debug.xcconfig */;
			buildSettings = {
				ALWAYS_EMBED_SWIFT_STANDARD_LIBRARIES = YES;
				CODE_SIGN_STYLE = Automatic;
				DEVELOPMENT_TEAM = R3GW2NEGBJ;
				INFOPLIST_FILE = iMovieUITests/Info.plist;
				LD_RUNPATH_SEARCH_PATHS = (
					"$(inherited)",
					"@executable_path/Frameworks",
					"@loader_path/Frameworks",
				);
				PRODUCT_BUNDLE_IDENTIFIER = com.korona.iMovieUITests;
				PRODUCT_NAME = "$(TARGET_NAME)";
				SWIFT_VERSION = 5.0;
				TARGETED_DEVICE_FAMILY = "1,2";
				TEST_TARGET_NAME = iMovie;
			};
			name = Debug;
		};
		B6FBB75626D21851008FA327 /* Release */ = {
			isa = XCBuildConfiguration;
			baseConfigurationReference = 426FB4CAB6ADC980CE5A7552 /* Pods-iMovie-iMovieUITests.release.xcconfig */;
			buildSettings = {
				ALWAYS_EMBED_SWIFT_STANDARD_LIBRARIES = YES;
				CODE_SIGN_STYLE = Automatic;
				DEVELOPMENT_TEAM = R3GW2NEGBJ;
				INFOPLIST_FILE = iMovieUITests/Info.plist;
				LD_RUNPATH_SEARCH_PATHS = (
					"$(inherited)",
					"@executable_path/Frameworks",
					"@loader_path/Frameworks",
				);
				PRODUCT_BUNDLE_IDENTIFIER = com.korona.iMovieUITests;
				PRODUCT_NAME = "$(TARGET_NAME)";
				SWIFT_VERSION = 5.0;
				TARGETED_DEVICE_FAMILY = "1,2";
				TEST_TARGET_NAME = iMovie;
			};
			name = Release;
		};
/* End XCBuildConfiguration section */

/* Begin XCConfigurationList section */
		B6FBB71F26D2184F008FA327 /* Build configuration list for PBXProject "iMovie" */ = {
			isa = XCConfigurationList;
			buildConfigurations = (
				B6FBB74C26D21851008FA327 /* Debug */,
				B6FBB74D26D21851008FA327 /* Release */,
			);
			defaultConfigurationIsVisible = 0;
			defaultConfigurationName = Release;
		};
		B6FBB74E26D21851008FA327 /* Build configuration list for PBXNativeTarget "iMovie" */ = {
			isa = XCConfigurationList;
			buildConfigurations = (
				B6FBB74F26D21851008FA327 /* Debug */,
				B6FBB75026D21851008FA327 /* Release */,
			);
			defaultConfigurationIsVisible = 0;
			defaultConfigurationName = Release;
		};
		B6FBB75126D21851008FA327 /* Build configuration list for PBXNativeTarget "iMovieTests" */ = {
			isa = XCConfigurationList;
			buildConfigurations = (
				B6FBB75226D21851008FA327 /* Debug */,
				B6FBB75326D21851008FA327 /* Release */,
			);
			defaultConfigurationIsVisible = 0;
			defaultConfigurationName = Release;
		};
		B6FBB75426D21851008FA327 /* Build configuration list for PBXNativeTarget "iMovieUITests" */ = {
			isa = XCConfigurationList;
			buildConfigurations = (
				B6FBB75526D21851008FA327 /* Debug */,
				B6FBB75626D21851008FA327 /* Release */,
			);
			defaultConfigurationIsVisible = 0;
			defaultConfigurationName = Release;
		};
/* End XCConfigurationList section */
	};
	rootObject = B6FBB71C26D2184F008FA327 /* Project object */;
}
